<?xml version="1.0" encoding="UTF-8"?>
<!DOCTYPE plist PUBLIC "-//Apple//DTD PLIST 1.0//EN" "http://www.apple.com/DTDs/PropertyList-1.0.dtd">
<plist version="1.0">
<dict>
	<key>archiveVersion</key>
	<string>1</string>
	<key>classes</key>
	<dict/>
	<key>objectVersion</key>
	<string>46</string>
	<key>objects</key>
	<dict>
		<key>050F46A519B0F4CA00E715A1</key>
		<dict>
			<key>children</key>
			<array>
				<string>050F46B919B0F4CA00E715A1</string>
				<string>050F46D619B0F4CA00E715A1</string>
				<string>050F46B019B0F4CA00E715A1</string>
				<string>050F46AF19B0F4CA00E715A1</string>
				<string>E736D25E7FC828EADCEC1BD3</string>
			</array>
			<key>isa</key>
			<string>PBXGroup</string>
			<key>sourceTree</key>
			<string>&lt;group&gt;</string>
		</dict>
		<key>050F46A619B0F4CA00E715A1</key>
		<dict>
			<key>attributes</key>
			<dict>
				<key>CLASSPREFIX</key>
				<string>SWP</string>
				<key>LastUpgradeCheck</key>
				<string>0510</string>
				<key>ORGANIZATIONNAME</key>
				<string>Globant Labs</string>
				<key>TargetAttributes</key>
				<dict>
					<key>050F46AD19B0F4CA00E715A1</key>
					<dict>
						<key>DevelopmentTeam</key>
						<string>TKH856G5A9</string>
					</dict>
					<key>050F46CD19B0F4CA00E715A1</key>
					<dict>
						<key>TestTargetID</key>
						<string>050F46AD19B0F4CA00E715A1</string>
					</dict>
				</dict>
			</dict>
			<key>buildConfigurationList</key>
			<string>050F46A919B0F4CA00E715A1</string>
			<key>compatibilityVersion</key>
			<string>Xcode 3.2</string>
			<key>developmentRegion</key>
			<string>English</string>
			<key>hasScannedForEncodings</key>
			<string>0</string>
			<key>isa</key>
			<string>PBXProject</string>
			<key>knownRegions</key>
			<array>
				<string>en</string>
			</array>
			<key>mainGroup</key>
			<string>050F46A519B0F4CA00E715A1</string>
			<key>productRefGroup</key>
			<string>050F46AF19B0F4CA00E715A1</string>
			<key>projectDirPath</key>
			<string></string>
			<key>projectReferences</key>
			<array/>
			<key>projectRoot</key>
			<string></string>
			<key>targets</key>
			<array>
				<string>050F46AD19B0F4CA00E715A1</string>
				<string>050F46CD19B0F4CA00E715A1</string>
			</array>
		</dict>
		<key>050F46A919B0F4CA00E715A1</key>
		<dict>
			<key>buildConfigurations</key>
			<array>
				<string>050F46DE19B0F4CA00E715A1</string>
				<string>050F46DF19B0F4CA00E715A1</string>
			</array>
			<key>defaultConfigurationIsVisible</key>
			<string>0</string>
			<key>defaultConfigurationName</key>
			<string>Release</string>
			<key>isa</key>
			<string>XCConfigurationList</string>
		</dict>
		<key>050F46AA19B0F4CA00E715A1</key>
		<dict>
			<key>buildActionMask</key>
			<string>2147483647</string>
			<key>files</key>
			<array>
				<string>B5580B581A47BA800071C39D</string>
				<string>EFD2B3671A42169000F5E6B2</string>
				<string>B50F7A751A06CF4200704E45</string>
				<string>B5D6481E19E8CDE600018852</string>
				<string>B53FF79A1A5186DA001602F1</string>
				<string>05AD1E8519C0A4E900D823DC</string>
				<string>B5D936371A08864F00FF62F8</string>
				<string>050F470919B0F52E00E715A1</string>
				<string>0585E64419CB7A7900DDC2CD</string>
				<string>058E1D3E19B4FA56001CB42D</string>
				<string>EFD1759D1A44B93400077ED8</string>
				<string>B52211DC1A4694E200F04083</string>
				<string>B52211D91A467E9000F04083</string>
				<string>B5580B5C1A47CDF40071C39D</string>
				<string>B50F7A711A01CAE800704E45</string>
				<string>B5801BAE1A30FC4500A6EEAF</string>
				<string>B5662EF919D8E9AC0003FB99</string>
				<string>0585E65019CC9EB900DDC2CD</string>
				<string>B5D25C141A37DDEB00AD2257</string>
				<string>050F470F19B0F52E00E715A1</string>
				<string>EFE56FD01A40AC99002224D5</string>
				<string>0585E65419CCD1C300DDC2CD</string>
				<string>B5580B551A47B7440071C39D</string>
				<string>EFCD3DC01A43615A00D8CB34</string>
				<string>B5E5E3381A2A3D0500E10664</string>
				<string>050F46C719B0F4CA00E715A1</string>
				<string>0585E65B19CCD7F700DDC2CD</string>
				<string>B5AA37C519F4265100C33B5B</string>
				<string>050F46C019B0F4CA00E715A1</string>
				<string>055398ED19C0D7AF00247FDD</string>
				<string>0585E64C19CC9E9F00DDC2CD</string>
				<string>055398E919C0D73D00247FDD</string>
				<string>050F46C419B0F4CA00E715A1</string>
				<string>B597BD231A55123700C071A5</string>
				<string>EF60703D1A445ED400A02C0F</string>
				<string>B5CCACB219F470CC00F93564</string>
			</array>
			<key>isa</key>
			<string>PBXSourcesBuildPhase</string>
			<key>runOnlyForDeploymentPostprocessing</key>
			<string>0</string>
		</dict>
		<key>050F46AB19B0F4CA00E715A1</key>
		<dict>
			<key>buildActionMask</key>
			<string>2147483647</string>
			<key>files</key>
			<array>
				<string>B53FF7971A508486001602F1</string>
				<string>050F46E719B0F4E000E715A1</string>
				<string>050F46B419B0F4CA00E715A1</string>
				<string>058E1D3B19B4F633001CB42D</string>
				<string>050F46B819B0F4CA00E715A1</string>
				<string>050F470719B0F52E00E715A1</string>
				<string>050F46B619B0F4CA00E715A1</string>
				<string>050F46B219B0F4CA00E715A1</string>
				<string>749FDCC0E97B46EBFBDE28C7</string>
			</array>
			<key>isa</key>
			<string>PBXFrameworksBuildPhase</string>
			<key>runOnlyForDeploymentPostprocessing</key>
			<string>0</string>
		</dict>
		<key>050F46AC19B0F4CA00E715A1</key>
		<dict>
			<key>buildActionMask</key>
			<string>2147483647</string>
			<key>files</key>
			<array>
				<string>050F46BE19B0F4CA00E715A1</string>
				<string>EFCD3DBD1A43612A00D8CB34</string>
				<string>EF37935A1A38D4A400AA3A92</string>
				<string>050F46C919B0F4CA00E715A1</string>
				<string>050F471619B0F75100E715A1</string>
			</array>
			<key>isa</key>
			<string>PBXResourcesBuildPhase</string>
			<key>runOnlyForDeploymentPostprocessing</key>
			<string>0</string>
		</dict>
		<key>050F46AD19B0F4CA00E715A1</key>
		<dict>
			<key>buildConfigurationList</key>
			<string>050F46E019B0F4CA00E715A1</string>
			<key>buildPhases</key>
			<array>
				<string>1FC2B6B2E5AC36FD861E0E56</string>
				<string>050F46AA19B0F4CA00E715A1</string>
				<string>050F46AB19B0F4CA00E715A1</string>
				<string>050F46AC19B0F4CA00E715A1</string>
				<string>83C4621C390BA4744715A65D</string>
			</array>
			<key>buildRules</key>
			<array/>
			<key>dependencies</key>
			<array/>
			<key>isa</key>
			<string>PBXNativeTarget</string>
			<key>name</key>
			<string>swipper</string>
			<key>productName</key>
			<string>swipper</string>
			<key>productReference</key>
			<string>050F46AE19B0F4CA00E715A1</string>
			<key>productType</key>
			<string>com.apple.product-type.application</string>
		</dict>
		<key>050F46AE19B0F4CA00E715A1</key>
		<dict>
			<key>explicitFileType</key>
			<string>wrapper.application</string>
			<key>includeInIndex</key>
			<string>0</string>
			<key>isa</key>
			<string>PBXFileReference</string>
			<key>path</key>
			<string>swipper.app</string>
			<key>sourceTree</key>
			<string>BUILT_PRODUCTS_DIR</string>
		</dict>
		<key>050F46AF19B0F4CA00E715A1</key>
		<dict>
			<key>children</key>
			<array>
				<string>050F46AE19B0F4CA00E715A1</string>
				<string>050F46CE19B0F4CA00E715A1</string>
			</array>
			<key>isa</key>
			<string>PBXGroup</string>
			<key>name</key>
			<string>Products</string>
			<key>sourceTree</key>
			<string>&lt;group&gt;</string>
		</dict>
		<key>050F46B019B0F4CA00E715A1</key>
		<dict>
			<key>children</key>
			<array>
				<string>B53FF7961A508486001602F1</string>
				<string>058E1D3A19B4F633001CB42D</string>
				<string>050F46E619B0F4E000E715A1</string>
				<string>050F46B119B0F4CA00E715A1</string>
				<string>050F46B319B0F4CA00E715A1</string>
				<string>050F46B519B0F4CA00E715A1</string>
				<string>050F46B719B0F4CA00E715A1</string>
				<string>050F46CF19B0F4CA00E715A1</string>
				<string>BE5D7DD96A591A5A0B895D56</string>
			</array>
			<key>isa</key>
			<string>PBXGroup</string>
			<key>name</key>
			<string>Frameworks</string>
			<key>sourceTree</key>
			<string>&lt;group&gt;</string>
		</dict>
		<key>050F46B119B0F4CA00E715A1</key>
		<dict>
			<key>isa</key>
			<string>PBXFileReference</string>
			<key>lastKnownFileType</key>
			<string>wrapper.framework</string>
			<key>name</key>
			<string>Foundation.framework</string>
			<key>path</key>
			<string>System/Library/Frameworks/Foundation.framework</string>
			<key>sourceTree</key>
			<string>SDKROOT</string>
		</dict>
		<key>050F46B219B0F4CA00E715A1</key>
		<dict>
			<key>fileRef</key>
			<string>050F46B119B0F4CA00E715A1</string>
			<key>isa</key>
			<string>PBXBuildFile</string>
		</dict>
		<key>050F46B319B0F4CA00E715A1</key>
		<dict>
			<key>isa</key>
			<string>PBXFileReference</string>
			<key>lastKnownFileType</key>
			<string>wrapper.framework</string>
			<key>name</key>
			<string>CoreGraphics.framework</string>
			<key>path</key>
			<string>System/Library/Frameworks/CoreGraphics.framework</string>
			<key>sourceTree</key>
			<string>SDKROOT</string>
		</dict>
		<key>050F46B419B0F4CA00E715A1</key>
		<dict>
			<key>fileRef</key>
			<string>050F46B319B0F4CA00E715A1</string>
			<key>isa</key>
			<string>PBXBuildFile</string>
		</dict>
		<key>050F46B519B0F4CA00E715A1</key>
		<dict>
			<key>isa</key>
			<string>PBXFileReference</string>
			<key>lastKnownFileType</key>
			<string>wrapper.framework</string>
			<key>name</key>
			<string>UIKit.framework</string>
			<key>path</key>
			<string>System/Library/Frameworks/UIKit.framework</string>
			<key>sourceTree</key>
			<string>SDKROOT</string>
		</dict>
		<key>050F46B619B0F4CA00E715A1</key>
		<dict>
			<key>fileRef</key>
			<string>050F46B519B0F4CA00E715A1</string>
			<key>isa</key>
			<string>PBXBuildFile</string>
		</dict>
		<key>050F46B719B0F4CA00E715A1</key>
		<dict>
			<key>isa</key>
			<string>PBXFileReference</string>
			<key>lastKnownFileType</key>
			<string>wrapper.framework</string>
			<key>name</key>
			<string>CoreData.framework</string>
			<key>path</key>
			<string>System/Library/Frameworks/CoreData.framework</string>
			<key>sourceTree</key>
			<string>SDKROOT</string>
		</dict>
		<key>050F46B819B0F4CA00E715A1</key>
		<dict>
			<key>fileRef</key>
			<string>050F46B719B0F4CA00E715A1</string>
			<key>isa</key>
			<string>PBXBuildFile</string>
		</dict>
		<key>050F46B919B0F4CA00E715A1</key>
		<dict>
			<key>children</key>
			<array>
				<string>0585E63719CB5BCE00DDC2CD</string>
				<string>050F46EA19B0F52E00E715A1</string>
				<string>050F46F719B0F52E00E715A1</string>
				<string>050F46C219B0F4CA00E715A1</string>
				<string>050F46C319B0F4CA00E715A1</string>
				<string>050F46C819B0F4CA00E715A1</string>
				<string>050F46C519B0F4CA00E715A1</string>
				<string>050F46BA19B0F4CA00E715A1</string>
			</array>
			<key>isa</key>
			<string>PBXGroup</string>
			<key>path</key>
			<string>swipper</string>
			<key>sourceTree</key>
			<string>&lt;group&gt;</string>
		</dict>
		<key>050F46BA19B0F4CA00E715A1</key>
		<dict>
			<key>children</key>
			<array>
				<string>050F471519B0F75100E715A1</string>
				<string>050F46BB19B0F4CA00E715A1</string>
				<string>050F46BC19B0F4CA00E715A1</string>
				<string>050F46BF19B0F4CA00E715A1</string>
				<string>050F46C119B0F4CA00E715A1</string>
			</array>
			<key>isa</key>
			<string>PBXGroup</string>
			<key>name</key>
			<string>Supporting Files</string>
			<key>sourceTree</key>
			<string>&lt;group&gt;</string>
		</dict>
		<key>050F46BB19B0F4CA00E715A1</key>
		<dict>
			<key>isa</key>
			<string>PBXFileReference</string>
			<key>lastKnownFileType</key>
			<string>text.plist.xml</string>
			<key>path</key>
			<string>swipper-Info.plist</string>
			<key>sourceTree</key>
			<string>&lt;group&gt;</string>
		</dict>
		<key>050F46BC19B0F4CA00E715A1</key>
		<dict>
			<key>children</key>
			<array>
				<string>050F46BD19B0F4CA00E715A1</string>
			</array>
			<key>isa</key>
			<string>PBXVariantGroup</string>
			<key>name</key>
			<string>InfoPlist.strings</string>
			<key>sourceTree</key>
			<string>&lt;group&gt;</string>
		</dict>
		<key>050F46BD19B0F4CA00E715A1</key>
		<dict>
			<key>isa</key>
			<string>PBXFileReference</string>
			<key>lastKnownFileType</key>
			<string>text.plist.strings</string>
			<key>name</key>
			<string>en</string>
			<key>path</key>
			<string>en.lproj/InfoPlist.strings</string>
			<key>sourceTree</key>
			<string>&lt;group&gt;</string>
		</dict>
		<key>050F46BE19B0F4CA00E715A1</key>
		<dict>
			<key>fileRef</key>
			<string>050F46BC19B0F4CA00E715A1</string>
			<key>isa</key>
			<string>PBXBuildFile</string>
		</dict>
		<key>050F46BF19B0F4CA00E715A1</key>
		<dict>
			<key>isa</key>
			<string>PBXFileReference</string>
			<key>lastKnownFileType</key>
			<string>sourcecode.c.objc</string>
			<key>path</key>
			<string>main.m</string>
			<key>sourceTree</key>
			<string>&lt;group&gt;</string>
		</dict>
		<key>050F46C019B0F4CA00E715A1</key>
		<dict>
			<key>fileRef</key>
			<string>050F46BF19B0F4CA00E715A1</string>
			<key>isa</key>
			<string>PBXBuildFile</string>
		</dict>
		<key>050F46C119B0F4CA00E715A1</key>
		<dict>
			<key>isa</key>
			<string>PBXFileReference</string>
			<key>lastKnownFileType</key>
			<string>sourcecode.c.h</string>
			<key>path</key>
			<string>swipper-Prefix.pch</string>
			<key>sourceTree</key>
			<string>&lt;group&gt;</string>
		</dict>
		<key>050F46C219B0F4CA00E715A1</key>
		<dict>
			<key>isa</key>
			<string>PBXFileReference</string>
			<key>lastKnownFileType</key>
			<string>sourcecode.c.h</string>
			<key>path</key>
			<string>SWPAppDelegate.h</string>
			<key>sourceTree</key>
			<string>&lt;group&gt;</string>
		</dict>
		<key>050F46C319B0F4CA00E715A1</key>
		<dict>
			<key>isa</key>
			<string>PBXFileReference</string>
			<key>lastKnownFileType</key>
			<string>sourcecode.c.objc</string>
			<key>path</key>
			<string>SWPAppDelegate.m</string>
			<key>sourceTree</key>
			<string>&lt;group&gt;</string>
		</dict>
		<key>050F46C419B0F4CA00E715A1</key>
		<dict>
			<key>fileRef</key>
			<string>050F46C319B0F4CA00E715A1</string>
			<key>isa</key>
			<string>PBXBuildFile</string>
		</dict>
		<key>050F46C519B0F4CA00E715A1</key>
		<dict>
			<key>children</key>
			<array>
				<string>050F46C619B0F4CA00E715A1</string>
			</array>
			<key>currentVersion</key>
			<string>050F46C619B0F4CA00E715A1</string>
			<key>isa</key>
			<string>XCVersionGroup</string>
			<key>path</key>
			<string>swipper.xcdatamodeld</string>
			<key>sourceTree</key>
			<string>&lt;group&gt;</string>
			<key>versionGroupType</key>
			<string>wrapper.xcdatamodel</string>
		</dict>
		<key>050F46C619B0F4CA00E715A1</key>
		<dict>
			<key>isa</key>
			<string>PBXFileReference</string>
			<key>lastKnownFileType</key>
			<string>wrapper.xcdatamodel</string>
			<key>path</key>
			<string>swipper.xcdatamodel</string>
			<key>sourceTree</key>
			<string>&lt;group&gt;</string>
		</dict>
		<key>050F46C719B0F4CA00E715A1</key>
		<dict>
			<key>fileRef</key>
			<string>050F46C519B0F4CA00E715A1</string>
			<key>isa</key>
			<string>PBXBuildFile</string>
		</dict>
		<key>050F46C819B0F4CA00E715A1</key>
		<dict>
			<key>isa</key>
			<string>PBXFileReference</string>
			<key>lastKnownFileType</key>
			<string>folder.assetcatalog</string>
			<key>path</key>
			<string>Images.xcassets</string>
			<key>sourceTree</key>
			<string>&lt;group&gt;</string>
		</dict>
		<key>050F46C919B0F4CA00E715A1</key>
		<dict>
			<key>fileRef</key>
			<string>050F46C819B0F4CA00E715A1</string>
			<key>isa</key>
			<string>PBXBuildFile</string>
		</dict>
		<key>050F46CA19B0F4CA00E715A1</key>
		<dict>
			<key>buildActionMask</key>
			<string>2147483647</string>
			<key>files</key>
			<array>
				<string>050F470A19B0F52E00E715A1</string>
				<string>058E1D4119B52334001CB42D</string>
				<string>0585E65C19CCD7F700DDC2CD</string>
				<string>055398EE19C0D7AF00247FDD</string>
				<string>058E1D3F19B4FA56001CB42D</string>
				<string>0585E64519CB7A7900DDC2CD</string>
				<string>050F46DD19B0F4CA00E715A1</string>
				<string>05AD1E8619C0A4E900D823DC</string>
				<string>050F471019B0F52E00E715A1</string>
				<string>0585E64D19CC9E9F00DDC2CD</string>
				<string>055398EA19C0D73D00247FDD</string>
				<string>0585E65519CCD1C300DDC2CD</string>
				<string>0585E65119CC9EB900DDC2CD</string>
			</array>
			<key>isa</key>
			<string>PBXSourcesBuildPhase</string>
			<key>runOnlyForDeploymentPostprocessing</key>
			<string>0</string>
		</dict>
		<key>050F46CB19B0F4CA00E715A1</key>
		<dict>
			<key>buildActionMask</key>
			<string>2147483647</string>
			<key>files</key>
			<array>
				<string>050F46D019B0F4CA00E715A1</string>
				<string>058E1D4219B5241E001CB42D</string>
				<string>050F46D319B0F4CA00E715A1</string>
				<string>050F46D219B0F4CA00E715A1</string>
				<string>050F46D119B0F4CA00E715A1</string>
				<string>050F470819B0F52E00E715A1</string>
			</array>
			<key>isa</key>
			<string>PBXFrameworksBuildPhase</string>
			<key>runOnlyForDeploymentPostprocessing</key>
			<string>0</string>
		</dict>
		<key>050F46CC19B0F4CA00E715A1</key>
		<dict>
			<key>buildActionMask</key>
			<string>2147483647</string>
			<key>files</key>
			<array>
				<string>050F471719B0F75100E715A1</string>
				<string>050F46DB19B0F4CA00E715A1</string>
			</array>
			<key>isa</key>
			<string>PBXResourcesBuildPhase</string>
			<key>runOnlyForDeploymentPostprocessing</key>
			<string>0</string>
		</dict>
		<key>050F46CD19B0F4CA00E715A1</key>
		<dict>
			<key>buildConfigurationList</key>
			<string>050F46E319B0F4CA00E715A1</string>
			<key>buildPhases</key>
			<array>
				<string>050F46CA19B0F4CA00E715A1</string>
				<string>050F46CB19B0F4CA00E715A1</string>
				<string>050F46CC19B0F4CA00E715A1</string>
			</array>
			<key>buildRules</key>
			<array/>
			<key>dependencies</key>
			<array>
				<string>050F46D519B0F4CA00E715A1</string>
			</array>
			<key>isa</key>
			<string>PBXNativeTarget</string>
			<key>name</key>
			<string>swipperTests</string>
			<key>productName</key>
			<string>swipperTests</string>
			<key>productReference</key>
			<string>050F46CE19B0F4CA00E715A1</string>
			<key>productType</key>
			<string>com.apple.product-type.bundle.unit-test</string>
		</dict>
		<key>050F46CE19B0F4CA00E715A1</key>
		<dict>
			<key>explicitFileType</key>
			<string>wrapper.cfbundle</string>
			<key>includeInIndex</key>
			<string>0</string>
			<key>isa</key>
			<string>PBXFileReference</string>
			<key>path</key>
			<string>swipperTests.xctest</string>
			<key>sourceTree</key>
			<string>BUILT_PRODUCTS_DIR</string>
		</dict>
		<key>050F46CF19B0F4CA00E715A1</key>
		<dict>
			<key>isa</key>
			<string>PBXFileReference</string>
			<key>lastKnownFileType</key>
			<string>wrapper.framework</string>
			<key>name</key>
			<string>XCTest.framework</string>
			<key>path</key>
			<string>Library/Frameworks/XCTest.framework</string>
			<key>sourceTree</key>
			<string>DEVELOPER_DIR</string>
		</dict>
		<key>050F46D019B0F4CA00E715A1</key>
		<dict>
			<key>fileRef</key>
			<string>050F46CF19B0F4CA00E715A1</string>
			<key>isa</key>
			<string>PBXBuildFile</string>
		</dict>
		<key>050F46D119B0F4CA00E715A1</key>
		<dict>
			<key>fileRef</key>
			<string>050F46B119B0F4CA00E715A1</string>
			<key>isa</key>
			<string>PBXBuildFile</string>
		</dict>
		<key>050F46D219B0F4CA00E715A1</key>
		<dict>
			<key>fileRef</key>
			<string>050F46B519B0F4CA00E715A1</string>
			<key>isa</key>
			<string>PBXBuildFile</string>
		</dict>
		<key>050F46D319B0F4CA00E715A1</key>
		<dict>
			<key>fileRef</key>
			<string>050F46B719B0F4CA00E715A1</string>
			<key>isa</key>
			<string>PBXBuildFile</string>
		</dict>
		<key>050F46D419B0F4CA00E715A1</key>
		<dict>
			<key>containerPortal</key>
			<string>050F46A619B0F4CA00E715A1</string>
			<key>isa</key>
			<string>PBXContainerItemProxy</string>
			<key>proxyType</key>
			<string>1</string>
			<key>remoteGlobalIDString</key>
			<string>050F46AD19B0F4CA00E715A1</string>
			<key>remoteInfo</key>
			<string>swipper</string>
		</dict>
		<key>050F46D519B0F4CA00E715A1</key>
		<dict>
			<key>isa</key>
			<string>PBXTargetDependency</string>
			<key>target</key>
			<string>050F46AD19B0F4CA00E715A1</string>
			<key>targetProxy</key>
			<string>050F46D419B0F4CA00E715A1</string>
		</dict>
		<key>050F46D619B0F4CA00E715A1</key>
		<dict>
			<key>children</key>
			<array>
				<string>058E1D4019B52334001CB42D</string>
				<string>050F46DC19B0F4CA00E715A1</string>
				<string>050F46D719B0F4CA00E715A1</string>
			</array>
			<key>isa</key>
			<string>PBXGroup</string>
			<key>path</key>
			<string>swipperTests</string>
			<key>sourceTree</key>
			<string>&lt;group&gt;</string>
		</dict>
		<key>050F46D719B0F4CA00E715A1</key>
		<dict>
			<key>children</key>
			<array>
				<string>050F46D819B0F4CA00E715A1</string>
				<string>050F46D919B0F4CA00E715A1</string>
			</array>
			<key>isa</key>
			<string>PBXGroup</string>
			<key>name</key>
			<string>Supporting Files</string>
			<key>sourceTree</key>
			<string>&lt;group&gt;</string>
		</dict>
		<key>050F46D819B0F4CA00E715A1</key>
		<dict>
			<key>isa</key>
			<string>PBXFileReference</string>
			<key>lastKnownFileType</key>
			<string>text.plist.xml</string>
			<key>path</key>
			<string>swipperTests-Info.plist</string>
			<key>sourceTree</key>
			<string>&lt;group&gt;</string>
		</dict>
		<key>050F46D919B0F4CA00E715A1</key>
		<dict>
			<key>children</key>
			<array>
				<string>050F46DA19B0F4CA00E715A1</string>
			</array>
			<key>isa</key>
			<string>PBXVariantGroup</string>
			<key>name</key>
			<string>InfoPlist.strings</string>
			<key>sourceTree</key>
			<string>&lt;group&gt;</string>
		</dict>
		<key>050F46DA19B0F4CA00E715A1</key>
		<dict>
			<key>isa</key>
			<string>PBXFileReference</string>
			<key>lastKnownFileType</key>
			<string>text.plist.strings</string>
			<key>name</key>
			<string>en</string>
			<key>path</key>
			<string>en.lproj/InfoPlist.strings</string>
			<key>sourceTree</key>
			<string>&lt;group&gt;</string>
		</dict>
		<key>050F46DB19B0F4CA00E715A1</key>
		<dict>
			<key>fileRef</key>
			<string>050F46D919B0F4CA00E715A1</string>
			<key>isa</key>
			<string>PBXBuildFile</string>
		</dict>
		<key>050F46DC19B0F4CA00E715A1</key>
		<dict>
			<key>isa</key>
			<string>PBXFileReference</string>
			<key>lastKnownFileType</key>
			<string>sourcecode.c.objc</string>
			<key>path</key>
			<string>swipperTests.m</string>
			<key>sourceTree</key>
			<string>&lt;group&gt;</string>
		</dict>
		<key>050F46DD19B0F4CA00E715A1</key>
		<dict>
			<key>fileRef</key>
			<string>050F46DC19B0F4CA00E715A1</string>
			<key>isa</key>
			<string>PBXBuildFile</string>
		</dict>
		<key>050F46DE19B0F4CA00E715A1</key>
		<dict>
			<key>buildSettings</key>
			<dict>
				<key>ALWAYS_SEARCH_USER_PATHS</key>
				<string>NO</string>
				<key>CLANG_CXX_LANGUAGE_STANDARD</key>
				<string>gnu++0x</string>
				<key>CLANG_CXX_LIBRARY</key>
				<string>libc++</string>
				<key>CLANG_ENABLE_MODULES</key>
				<string>YES</string>
				<key>CLANG_ENABLE_OBJC_ARC</key>
				<string>YES</string>
				<key>CLANG_WARN_BOOL_CONVERSION</key>
				<string>YES</string>
				<key>CLANG_WARN_CONSTANT_CONVERSION</key>
				<string>YES</string>
				<key>CLANG_WARN_DIRECT_OBJC_ISA_USAGE</key>
				<string>YES_ERROR</string>
				<key>CLANG_WARN_EMPTY_BODY</key>
				<string>YES</string>
				<key>CLANG_WARN_ENUM_CONVERSION</key>
				<string>YES</string>
				<key>CLANG_WARN_INT_CONVERSION</key>
				<string>YES</string>
				<key>CLANG_WARN_OBJC_ROOT_CLASS</key>
				<string>YES_ERROR</string>
				<key>CLANG_WARN__DUPLICATE_METHOD_MATCH</key>
				<string>YES</string>
				<key>CODE_SIGN_IDENTITY</key>
				<string>iPhone Distribution: Globant, LLC</string>
				<key>CODE_SIGN_IDENTITY[sdk=iphoneos*]</key>
				<string></string>
				<key>COPY_PHASE_STRIP</key>
				<string>NO</string>
				<key>GCC_C_LANGUAGE_STANDARD</key>
				<string>gnu99</string>
				<key>GCC_DYNAMIC_NO_PIC</key>
				<string>NO</string>
				<key>GCC_OPTIMIZATION_LEVEL</key>
				<string>0</string>
				<key>GCC_PREPROCESSOR_DEFINITIONS</key>
				<array>
					<string>DEBUG=1</string>
					<string>$(inherited)</string>
				</array>
				<key>GCC_SYMBOLS_PRIVATE_EXTERN</key>
				<string>NO</string>
				<key>GCC_WARN_64_TO_32_BIT_CONVERSION</key>
				<string>YES</string>
				<key>GCC_WARN_ABOUT_RETURN_TYPE</key>
				<string>YES_ERROR</string>
				<key>GCC_WARN_UNDECLARED_SELECTOR</key>
				<string>YES</string>
				<key>GCC_WARN_UNINITIALIZED_AUTOS</key>
				<string>YES_AGGRESSIVE</string>
				<key>GCC_WARN_UNUSED_FUNCTION</key>
				<string>YES</string>
				<key>GCC_WARN_UNUSED_VARIABLE</key>
				<string>YES</string>
				<key>IPHONEOS_DEPLOYMENT_TARGET</key>
				<string>8.0</string>
				<key>ONLY_ACTIVE_ARCH</key>
				<string>YES</string>
				<key>PROVISIONING_PROFILE</key>
				<string>d75b1774-5796-4cfc-8d77-97a65dcb24a0</string>
				<key>SDKROOT</key>
				<string>iphoneos</string>
			</dict>
			<key>isa</key>
			<string>XCBuildConfiguration</string>
			<key>name</key>
			<string>Debug</string>
		</dict>
		<key>050F46DF19B0F4CA00E715A1</key>
		<dict>
			<key>buildSettings</key>
			<dict>
				<key>ALWAYS_SEARCH_USER_PATHS</key>
				<string>NO</string>
				<key>CLANG_CXX_LANGUAGE_STANDARD</key>
				<string>gnu++0x</string>
				<key>CLANG_CXX_LIBRARY</key>
				<string>libc++</string>
				<key>CLANG_ENABLE_MODULES</key>
				<string>YES</string>
				<key>CLANG_ENABLE_OBJC_ARC</key>
				<string>YES</string>
				<key>CLANG_WARN_BOOL_CONVERSION</key>
				<string>YES</string>
				<key>CLANG_WARN_CONSTANT_CONVERSION</key>
				<string>YES</string>
				<key>CLANG_WARN_DIRECT_OBJC_ISA_USAGE</key>
				<string>YES_ERROR</string>
				<key>CLANG_WARN_EMPTY_BODY</key>
				<string>YES</string>
				<key>CLANG_WARN_ENUM_CONVERSION</key>
				<string>YES</string>
				<key>CLANG_WARN_INT_CONVERSION</key>
				<string>YES</string>
				<key>CLANG_WARN_OBJC_ROOT_CLASS</key>
				<string>YES_ERROR</string>
				<key>CLANG_WARN__DUPLICATE_METHOD_MATCH</key>
				<string>YES</string>
				<key>CODE_SIGN_IDENTITY</key>
				<string>iPhone Distribution: Globant, LLC</string>
				<key>CODE_SIGN_IDENTITY[sdk=iphoneos*]</key>
				<string></string>
				<key>COPY_PHASE_STRIP</key>
				<string>YES</string>
				<key>ENABLE_NS_ASSERTIONS</key>
				<string>NO</string>
				<key>GCC_C_LANGUAGE_STANDARD</key>
				<string>gnu99</string>
				<key>GCC_WARN_64_TO_32_BIT_CONVERSION</key>
				<string>YES</string>
				<key>GCC_WARN_ABOUT_RETURN_TYPE</key>
				<string>YES_ERROR</string>
				<key>GCC_WARN_UNDECLARED_SELECTOR</key>
				<string>YES</string>
				<key>GCC_WARN_UNINITIALIZED_AUTOS</key>
				<string>YES_AGGRESSIVE</string>
				<key>GCC_WARN_UNUSED_FUNCTION</key>
				<string>YES</string>
				<key>GCC_WARN_UNUSED_VARIABLE</key>
				<string>YES</string>
				<key>IPHONEOS_DEPLOYMENT_TARGET</key>
				<string>8.0</string>
				<key>PROVISIONING_PROFILE</key>
				<string>d75b1774-5796-4cfc-8d77-97a65dcb24a0</string>
				<key>SDKROOT</key>
				<string>iphoneos</string>
				<key>VALIDATE_PRODUCT</key>
				<string>YES</string>
			</dict>
			<key>isa</key>
			<string>XCBuildConfiguration</string>
			<key>name</key>
			<string>Release</string>
		</dict>
		<key>050F46E019B0F4CA00E715A1</key>
		<dict>
			<key>buildConfigurations</key>
			<array>
				<string>050F46E119B0F4CA00E715A1</string>
				<string>050F46E219B0F4CA00E715A1</string>
			</array>
			<key>defaultConfigurationIsVisible</key>
			<string>0</string>
			<key>defaultConfigurationName</key>
			<string>Release</string>
			<key>isa</key>
			<string>XCConfigurationList</string>
		</dict>
		<key>050F46E119B0F4CA00E715A1</key>
		<dict>
			<key>baseConfigurationReference</key>
			<string>8C8A4C5D30B3A12A4FC8166D</string>
			<key>buildSettings</key>
			<dict>
				<key>ASSETCATALOG_COMPILER_APPICON_NAME</key>
				<string>AppIcon</string>
				<key>ASSETCATALOG_COMPILER_LAUNCHIMAGE_NAME</key>
				<string>LaunchImage</string>
				<key>CODE_SIGN_IDENTITY</key>
				<string>iPhone Distribution: Globant, LLC</string>
				<key>CODE_SIGN_IDENTITY[sdk=iphoneos*]</key>
				<string></string>
				<key>FRAMEWORK_SEARCH_PATHS</key>
				<array>
					<string>$(inherited)</string>
					<string>$(PROJECT_DIR)</string>
				</array>
				<key>GCC_PRECOMPILE_PREFIX_HEADER</key>
				<string>YES</string>
				<key>GCC_PREFIX_HEADER</key>
				<string>swipper/swipper-Prefix.pch</string>
				<key>INFOPLIST_FILE</key>
				<string>swipper/swipper-Info.plist</string>
				<key>IPHONEOS_DEPLOYMENT_TARGET</key>
				<string>8.0</string>
				<key>LIBRARY_SEARCH_PATHS</key>
				<array>
					<string>$(inherited)</string>
					<string>$(PROJECT_DIR)/swipper/Libraries/OCMock/lib</string>
				</array>
				<key>PRODUCT_NAME</key>
				<string>$(TARGET_NAME)</string>
				<key>PROVISIONING_PROFILE</key>
				<string>d75b1774-5796-4cfc-8d77-97a65dcb24a0</string>
				<key>WRAPPER_EXTENSION</key>
				<string>app</string>
			</dict>
			<key>isa</key>
			<string>XCBuildConfiguration</string>
			<key>name</key>
			<string>Debug</string>
		</dict>
		<key>050F46E219B0F4CA00E715A1</key>
		<dict>
			<key>baseConfigurationReference</key>
			<string>37B548F1F08C7D98937394BF</string>
			<key>buildSettings</key>
			<dict>
				<key>ASSETCATALOG_COMPILER_APPICON_NAME</key>
				<string>AppIcon</string>
				<key>ASSETCATALOG_COMPILER_LAUNCHIMAGE_NAME</key>
				<string>LaunchImage</string>
				<key>CODE_SIGN_IDENTITY</key>
				<string>iPhone Distribution: Globant, LLC</string>
				<key>CODE_SIGN_IDENTITY[sdk=iphoneos*]</key>
				<string></string>
				<key>FRAMEWORK_SEARCH_PATHS</key>
				<array>
					<string>$(inherited)</string>
					<string>$(PROJECT_DIR)</string>
				</array>
				<key>GCC_PRECOMPILE_PREFIX_HEADER</key>
				<string>YES</string>
				<key>GCC_PREFIX_HEADER</key>
				<string>swipper/swipper-Prefix.pch</string>
				<key>INFOPLIST_FILE</key>
				<string>swipper/swipper-Info.plist</string>
				<key>IPHONEOS_DEPLOYMENT_TARGET</key>
				<string>8.0</string>
				<key>LIBRARY_SEARCH_PATHS</key>
				<array>
					<string>$(inherited)</string>
					<string>$(PROJECT_DIR)/swipper/Libraries/OCMock/lib</string>
				</array>
				<key>PRODUCT_NAME</key>
				<string>$(TARGET_NAME)</string>
				<key>PROVISIONING_PROFILE</key>
				<string>d75b1774-5796-4cfc-8d77-97a65dcb24a0</string>
				<key>WRAPPER_EXTENSION</key>
				<string>app</string>
			</dict>
			<key>isa</key>
			<string>XCBuildConfiguration</string>
			<key>name</key>
			<string>Release</string>
		</dict>
		<key>050F46E319B0F4CA00E715A1</key>
		<dict>
			<key>buildConfigurations</key>
			<array>
				<string>050F46E419B0F4CA00E715A1</string>
				<string>050F46E519B0F4CA00E715A1</string>
			</array>
			<key>defaultConfigurationIsVisible</key>
			<string>0</string>
			<key>defaultConfigurationName</key>
			<string>Release</string>
			<key>isa</key>
			<string>XCConfigurationList</string>
		</dict>
		<key>050F46E419B0F4CA00E715A1</key>
		<dict>
			<key>buildSettings</key>
			<dict>
				<key>BUNDLE_LOADER</key>
				<string>$(BUILT_PRODUCTS_DIR)/swipper.app/swipper</string>
				<key>FRAMEWORK_SEARCH_PATHS</key>
				<array>
					<string>$(SDKROOT)/Developer/Library/Frameworks</string>
					<string>$(inherited)</string>
					<string>$(DEVELOPER_FRAMEWORKS_DIR)</string>
					<string>$(PROJECT_DIR)</string>
				</array>
				<key>GCC_PRECOMPILE_PREFIX_HEADER</key>
				<string>YES</string>
				<key>GCC_PREFIX_HEADER</key>
				<string>swipper/swipper-Prefix.pch</string>
				<key>GCC_PREPROCESSOR_DEFINITIONS</key>
				<array>
					<string>DEBUG=1</string>
					<string>$(inherited)</string>
				</array>
				<key>INFOPLIST_FILE</key>
				<string>swipperTests/swipperTests-Info.plist</string>
				<key>LIBRARY_SEARCH_PATHS</key>
				<array>
					<string>$(inherited)</string>
					<string>$(PROJECT_DIR)/swipper/Libraries/OCMock/lib</string>
				</array>
				<key>PRODUCT_NAME</key>
				<string>$(TARGET_NAME)</string>
				<key>TEST_HOST</key>
				<string>$(BUNDLE_LOADER)</string>
				<key>WRAPPER_EXTENSION</key>
				<string>xctest</string>
			</dict>
			<key>isa</key>
			<string>XCBuildConfiguration</string>
			<key>name</key>
			<string>Debug</string>
		</dict>
		<key>050F46E519B0F4CA00E715A1</key>
		<dict>
			<key>buildSettings</key>
			<dict>
				<key>BUNDLE_LOADER</key>
				<string>$(BUILT_PRODUCTS_DIR)/swipper.app/swipper</string>
				<key>FRAMEWORK_SEARCH_PATHS</key>
				<array>
					<string>$(SDKROOT)/Developer/Library/Frameworks</string>
					<string>$(inherited)</string>
					<string>$(DEVELOPER_FRAMEWORKS_DIR)</string>
					<string>$(PROJECT_DIR)</string>
				</array>
				<key>GCC_PRECOMPILE_PREFIX_HEADER</key>
				<string>YES</string>
				<key>GCC_PREFIX_HEADER</key>
				<string>swipper/swipper-Prefix.pch</string>
				<key>INFOPLIST_FILE</key>
				<string>swipperTests/swipperTests-Info.plist</string>
				<key>LIBRARY_SEARCH_PATHS</key>
				<array>
					<string>$(inherited)</string>
					<string>$(PROJECT_DIR)/swipper/Libraries/OCMock/lib</string>
				</array>
				<key>PRODUCT_NAME</key>
				<string>$(TARGET_NAME)</string>
				<key>TEST_HOST</key>
				<string>$(BUNDLE_LOADER)</string>
				<key>WRAPPER_EXTENSION</key>
				<string>xctest</string>
			</dict>
			<key>isa</key>
			<string>XCBuildConfiguration</string>
			<key>name</key>
			<string>Release</string>
		</dict>
		<key>050F46E619B0F4E000E715A1</key>
		<dict>
			<key>isa</key>
			<string>PBXFileReference</string>
			<key>lastKnownFileType</key>
			<string>wrapper.framework</string>
			<key>name</key>
			<string>MapKit.framework</string>
			<key>path</key>
			<string>System/Library/Frameworks/MapKit.framework</string>
			<key>sourceTree</key>
			<string>SDKROOT</string>
		</dict>
		<key>050F46E719B0F4E000E715A1</key>
		<dict>
			<key>fileRef</key>
			<string>050F46E619B0F4E000E715A1</string>
			<key>isa</key>
			<string>PBXBuildFile</string>
		</dict>
		<key>050F46EA19B0F52E00E715A1</key>
		<dict>
			<key>children</key>
			<array>
				<string>EFD2B3641A42169000F5E6B2</string>
				<string>B50F7A721A06CF4200704E45</string>
				<string>050F46EB19B0F52E00E715A1</string>
			</array>
			<key>isa</key>
			<string>PBXGroup</string>
			<key>path</key>
			<string>Libraries</string>
			<key>sourceTree</key>
			<string>&lt;group&gt;</string>
		</dict>
		<key>050F46EB19B0F52E00E715A1</key>
		<dict>
			<key>children</key>
			<array>
				<string>050F46EC19B0F52E00E715A1</string>
				<string>050F46EE19B0F52E00E715A1</string>
				<string>050F46EF19B0F52E00E715A1</string>
				<string>050F46F019B0F52E00E715A1</string>
				<string>050F46F119B0F52E00E715A1</string>
				<string>050F46F219B0F52E00E715A1</string>
				<string>050F46F319B0F52E00E715A1</string>
				<string>050F46F419B0F52E00E715A1</string>
				<string>050F46F519B0F52E00E715A1</string>
				<string>050F46F619B0F52E00E715A1</string>
			</array>
			<key>isa</key>
			<string>PBXGroup</string>
			<key>path</key>
			<string>OCMock</string>
			<key>sourceTree</key>
			<string>&lt;group&gt;</string>
		</dict>
		<key>050F46EC19B0F52E00E715A1</key>
		<dict>
			<key>children</key>
			<array>
				<string>050F46ED19B0F52E00E715A1</string>
			</array>
			<key>isa</key>
			<string>PBXGroup</string>
			<key>path</key>
			<string>lib</string>
			<key>sourceTree</key>
			<string>&lt;group&gt;</string>
		</dict>
		<key>050F46ED19B0F52E00E715A1</key>
		<dict>
			<key>isa</key>
			<string>PBXFileReference</string>
			<key>lastKnownFileType</key>
			<string>archive.ar</string>
			<key>path</key>
			<string>libOCMock.a</string>
			<key>sourceTree</key>
			<string>&lt;group&gt;</string>
		</dict>
		<key>050F46EE19B0F52E00E715A1</key>
		<dict>
			<key>fileEncoding</key>
			<string>4</string>
			<key>isa</key>
			<string>PBXFileReference</string>
			<key>lastKnownFileType</key>
			<string>sourcecode.c.h</string>
			<key>path</key>
			<string>NSNotificationCenter+OCMAdditions.h</string>
			<key>sourceTree</key>
			<string>&lt;group&gt;</string>
		</dict>
		<key>050F46EF19B0F52E00E715A1</key>
		<dict>
			<key>fileEncoding</key>
			<string>4</string>
			<key>isa</key>
			<string>PBXFileReference</string>
			<key>lastKnownFileType</key>
			<string>sourcecode.c.h</string>
			<key>path</key>
			<string>OCMArg.h</string>
			<key>sourceTree</key>
			<string>&lt;group&gt;</string>
		</dict>
		<key>050F46F019B0F52E00E715A1</key>
		<dict>
			<key>fileEncoding</key>
			<string>4</string>
			<key>isa</key>
			<string>PBXFileReference</string>
			<key>lastKnownFileType</key>
			<string>sourcecode.c.h</string>
			<key>path</key>
			<string>OCMConstraint.h</string>
			<key>sourceTree</key>
			<string>&lt;group&gt;</string>
		</dict>
		<key>050F46F119B0F52E00E715A1</key>
		<dict>
			<key>fileEncoding</key>
			<string>4</string>
			<key>isa</key>
			<string>PBXFileReference</string>
			<key>lastKnownFileType</key>
			<string>sourcecode.c.h</string>
			<key>path</key>
			<string>OCMLocation.h</string>
			<key>sourceTree</key>
			<string>&lt;group&gt;</string>
		</dict>
		<key>050F46F219B0F52E00E715A1</key>
		<dict>
			<key>fileEncoding</key>
			<string>4</string>
			<key>isa</key>
			<string>PBXFileReference</string>
			<key>lastKnownFileType</key>
			<string>sourcecode.c.h</string>
			<key>path</key>
			<string>OCMMacroState.h</string>
			<key>sourceTree</key>
			<string>&lt;group&gt;</string>
		</dict>
		<key>050F46F319B0F52E00E715A1</key>
		<dict>
			<key>fileEncoding</key>
			<string>4</string>
			<key>isa</key>
			<string>PBXFileReference</string>
			<key>lastKnownFileType</key>
			<string>sourcecode.c.h</string>
			<key>path</key>
			<string>OCMock.h</string>
			<key>sourceTree</key>
			<string>&lt;group&gt;</string>
		</dict>
		<key>050F46F419B0F52E00E715A1</key>
		<dict>
			<key>fileEncoding</key>
			<string>4</string>
			<key>isa</key>
			<string>PBXFileReference</string>
			<key>lastKnownFileType</key>
			<string>sourcecode.c.h</string>
			<key>path</key>
			<string>OCMockObject.h</string>
			<key>sourceTree</key>
			<string>&lt;group&gt;</string>
		</dict>
		<key>050F46F519B0F52E00E715A1</key>
		<dict>
			<key>fileEncoding</key>
			<string>4</string>
			<key>isa</key>
			<string>PBXFileReference</string>
			<key>lastKnownFileType</key>
			<string>sourcecode.c.h</string>
			<key>path</key>
			<string>OCMRecorder.h</string>
			<key>sourceTree</key>
			<string>&lt;group&gt;</string>
		</dict>
		<key>050F46F619B0F52E00E715A1</key>
		<dict>
			<key>fileEncoding</key>
			<string>4</string>
			<key>isa</key>
			<string>PBXFileReference</string>
			<key>lastKnownFileType</key>
			<string>sourcecode.c.h</string>
			<key>path</key>
			<string>OCMStubRecorder.h</string>
			<key>sourceTree</key>
			<string>&lt;group&gt;</string>
		</dict>
		<key>050F46F719B0F52E00E715A1</key>
		<dict>
			<key>children</key>
			<array>
				<string>B5801BAB1A30FBD000A6EEAF</string>
				<string>050F46F819B0F52E00E715A1</string>
				<string>050F46FB19B0F52E00E715A1</string>
				<string>050F46FC19B0F52E00E715A1</string>
				<string>050F46FF19B0F52E00E715A1</string>
				<string>050F470219B0F52E00E715A1</string>
			</array>
			<key>isa</key>
			<string>PBXGroup</string>
			<key>path</key>
			<string>Source</string>
			<key>sourceTree</key>
			<string>&lt;group&gt;</string>
		</dict>
		<key>050F46F819B0F52E00E715A1</key>
		<dict>
			<key>children</key>
			<array>
				<string>050F46F919B0F52E00E715A1</string>
				<string>050F46FA19B0F52E00E715A1</string>
				<string>0585E65219CCD1C300DDC2CD</string>
				<string>0585E65319CCD1C300DDC2CD</string>
				<string>B5AA37C319F4265100C33B5B</string>
				<string>B5AA37C419F4265100C33B5B</string>
				<string>05AD1E8319C0A4E900D823DC</string>
				<string>05AD1E8419C0A4E900D823DC</string>
				<string>B50F7A6F1A01CAE800704E45</string>
				<string>B50F7A701A01CAE800704E45</string>
				<string>B5E5E3351A2A3D0500E10664</string>
				<string>B5E5E3361A2A3D0500E10664</string>
				<string>B5D25C121A37DDEB00AD2257</string>
				<string>B5D25C131A37DDEB00AD2257</string>
				<string>EFD1759B1A44B93400077ED8</string>
				<string>EFD1759C1A44B93400077ED8</string>
				<string>B52211D71A467E9000F04083</string>
				<string>B52211D81A467E9000F04083</string>
				<string>B5580B531A47B7440071C39D</string>
				<string>B5580B541A47B7440071C39D</string>
			</array>
			<key>isa</key>
			<string>PBXGroup</string>
			<key>path</key>
			<string>Controllers</string>
			<key>sourceTree</key>
			<string>&lt;group&gt;</string>
		</dict>
		<key>050F46F919B0F52E00E715A1</key>
		<dict>
			<key>fileEncoding</key>
			<string>4</string>
			<key>isa</key>
			<string>PBXFileReference</string>
			<key>lastKnownFileType</key>
			<string>sourcecode.c.h</string>
			<key>path</key>
			<string>SWPMapViewController.h</string>
			<key>sourceTree</key>
			<string>&lt;group&gt;</string>
		</dict>
		<key>050F46FA19B0F52E00E715A1</key>
		<dict>
			<key>fileEncoding</key>
			<string>4</string>
			<key>isa</key>
			<string>PBXFileReference</string>
			<key>lastKnownFileType</key>
			<string>sourcecode.c.objc</string>
			<key>path</key>
			<string>SWPMapViewController.m</string>
			<key>sourceTree</key>
			<string>&lt;group&gt;</string>
		</dict>
		<key>050F46FB19B0F52E00E715A1</key>
		<dict>
			<key>children</key>
			<array>
				<string>B5662EF719D8E9AC0003FB99</string>
				<string>B5662EF819D8E9AC0003FB99</string>
				<string>B53FF7981A5186DA001602F1</string>
				<string>B53FF7991A5186DA001602F1</string>
			</array>
			<key>isa</key>
			<string>PBXGroup</string>
			<key>path</key>
			<string>Helpers</string>
			<key>sourceTree</key>
			<string>&lt;group&gt;</string>
		</dict>
		<key>050F46FC19B0F52E00E715A1</key>
		<dict>
			<key>children</key>
			<array>
				<string>055398E719C0D73D00247FDD</string>
				<string>055398E819C0D73D00247FDD</string>
				<string>055398EB19C0D7AF00247FDD</string>
				<string>055398EC19C0D7AF00247FDD</string>
				<string>05E86CA819C22C000075BCEA</string>
				<string>0585E63E19CB68DA00DDC2CD</string>
				<string>B5D6481C19E8CDE600018852</string>
				<string>B5D6481D19E8CDE600018852</string>
				<string>B5580B5A1A47CDF40071C39D</string>
				<string>B5580B5B1A47CDF40071C39D</string>
				<string>B597BD211A55123700C071A5</string>
				<string>B597BD221A55123700C071A5</string>
			</array>
			<key>isa</key>
			<string>PBXGroup</string>
			<key>path</key>
			<string>Models</string>
			<key>sourceTree</key>
			<string>&lt;group&gt;</string>
		</dict>
		<key>050F46FF19B0F52E00E715A1</key>
		<dict>
			<key>children</key>
			<array>
				<string>058E1D3C19B4FA56001CB42D</string>
				<string>058E1D3D19B4FA56001CB42D</string>
				<string>0585E65919CCD7F700DDC2CD</string>
				<string>0585E65A19CCD7F700DDC2CD</string>
			</array>
			<key>isa</key>
			<string>PBXGroup</string>
			<key>path</key>
			<string>Services</string>
			<key>sourceTree</key>
			<string>&lt;group&gt;</string>
		</dict>
		<key>050F470219B0F52E00E715A1</key>
		<dict>
			<key>children</key>
			<array>
				<string>050F470319B0F52E00E715A1</string>
				<string>050F470419B0F52E00E715A1</string>
				<string>0585E64219CB7A7900DDC2CD</string>
				<string>0585E64319CB7A7900DDC2CD</string>
				<string>0585E64A19CC9E9F00DDC2CD</string>
				<string>0585E64B19CC9E9F00DDC2CD</string>
				<string>0585E64E19CC9EB900DDC2CD</string>
				<string>0585E64F19CC9EB900DDC2CD</string>
				<string>B5CCACB019F470CC00F93564</string>
				<string>B5CCACB119F470CC00F93564</string>
				<string>EF3793591A38D4A400AA3A92</string>
				<string>EFE56FCE1A40AC99002224D5</string>
				<string>EFE56FCF1A40AC99002224D5</string>
				<string>EFCD3DBC1A43612A00D8CB34</string>
				<string>EFCD3DBE1A43615A00D8CB34</string>
				<string>EFCD3DBF1A43615A00D8CB34</string>
				<string>EF60703B1A445ED400A02C0F</string>
				<string>EF60703C1A445ED400A02C0F</string>
				<string>B52211DA1A4694E200F04083</string>
				<string>B52211DB1A4694E200F04083</string>
				<string>B5580B561A47BA800071C39D</string>
				<string>B5580B571A47BA800071C39D</string>
			</array>
			<key>isa</key>
			<string>PBXGroup</string>
			<key>path</key>
			<string>Views</string>
			<key>sourceTree</key>
			<string>&lt;group&gt;</string>
		</dict>
		<key>050F470319B0F52E00E715A1</key>
		<dict>
			<key>fileEncoding</key>
			<string>4</string>
			<key>isa</key>
			<string>PBXFileReference</string>
			<key>lastKnownFileType</key>
			<string>sourcecode.c.h</string>
			<key>path</key>
			<string>SWPAnnotation.h</string>
			<key>sourceTree</key>
			<string>&lt;group&gt;</string>
		</dict>
		<key>050F470419B0F52E00E715A1</key>
		<dict>
			<key>fileEncoding</key>
			<string>4</string>
			<key>isa</key>
			<string>PBXFileReference</string>
			<key>lastKnownFileType</key>
			<string>sourcecode.c.objc</string>
			<key>path</key>
			<string>SWPAnnotation.m</string>
			<key>sourceTree</key>
			<string>&lt;group&gt;</string>
		</dict>
		<key>050F470719B0F52E00E715A1</key>
		<dict>
			<key>fileRef</key>
			<string>050F46ED19B0F52E00E715A1</string>
			<key>isa</key>
			<string>PBXBuildFile</string>
		</dict>
		<key>050F470819B0F52E00E715A1</key>
		<dict>
			<key>fileRef</key>
			<string>050F46ED19B0F52E00E715A1</string>
			<key>isa</key>
			<string>PBXBuildFile</string>
		</dict>
		<key>050F470919B0F52E00E715A1</key>
		<dict>
			<key>fileRef</key>
			<string>050F46FA19B0F52E00E715A1</string>
			<key>isa</key>
			<string>PBXBuildFile</string>
		</dict>
		<key>050F470A19B0F52E00E715A1</key>
		<dict>
			<key>fileRef</key>
			<string>050F46FA19B0F52E00E715A1</string>
			<key>isa</key>
			<string>PBXBuildFile</string>
		</dict>
		<key>050F470F19B0F52E00E715A1</key>
		<dict>
			<key>fileRef</key>
			<string>050F470419B0F52E00E715A1</string>
			<key>isa</key>
			<string>PBXBuildFile</string>
		</dict>
		<key>050F471019B0F52E00E715A1</key>
		<dict>
			<key>fileRef</key>
			<string>050F470419B0F52E00E715A1</string>
			<key>isa</key>
			<string>PBXBuildFile</string>
		</dict>
		<key>050F471519B0F75100E715A1</key>
		<dict>
			<key>fileEncoding</key>
			<string>4</string>
			<key>isa</key>
			<string>PBXFileReference</string>
			<key>lastKnownFileType</key>
			<string>file.storyboard</string>
			<key>path</key>
			<string>Main.storyboard</string>
			<key>sourceTree</key>
			<string>&lt;group&gt;</string>
		</dict>
		<key>050F471619B0F75100E715A1</key>
		<dict>
			<key>fileRef</key>
			<string>050F471519B0F75100E715A1</string>
			<key>isa</key>
			<string>PBXBuildFile</string>
		</dict>
		<key>050F471719B0F75100E715A1</key>
		<dict>
			<key>fileRef</key>
			<string>050F471519B0F75100E715A1</string>
			<key>isa</key>
			<string>PBXBuildFile</string>
		</dict>
		<key>055398E719C0D73D00247FDD</key>
		<dict>
			<key>fileEncoding</key>
			<string>4</string>
			<key>isa</key>
			<string>PBXFileReference</string>
			<key>lastKnownFileType</key>
			<string>sourcecode.c.h</string>
			<key>path</key>
			<string>LBPlace.h</string>
			<key>sourceTree</key>
			<string>&lt;group&gt;</string>
		</dict>
		<key>055398E819C0D73D00247FDD</key>
		<dict>
			<key>fileEncoding</key>
			<string>4</string>
			<key>isa</key>
			<string>PBXFileReference</string>
			<key>lastKnownFileType</key>
			<string>sourcecode.c.objc</string>
			<key>path</key>
			<string>LBPlace.m</string>
			<key>sourceTree</key>
			<string>&lt;group&gt;</string>
		</dict>
		<key>055398E919C0D73D00247FDD</key>
		<dict>
			<key>fileRef</key>
			<string>055398E819C0D73D00247FDD</string>
			<key>isa</key>
			<string>PBXBuildFile</string>
		</dict>
		<key>055398EA19C0D73D00247FDD</key>
		<dict>
			<key>fileRef</key>
			<string>055398E819C0D73D00247FDD</string>
			<key>isa</key>
			<string>PBXBuildFile</string>
		</dict>
		<key>055398EB19C0D7AF00247FDD</key>
		<dict>
			<key>fileEncoding</key>
			<string>4</string>
			<key>isa</key>
			<string>PBXFileReference</string>
			<key>lastKnownFileType</key>
			<string>sourcecode.c.h</string>
			<key>path</key>
			<string>LBPlaceRepository.h</string>
			<key>sourceTree</key>
			<string>&lt;group&gt;</string>
		</dict>
		<key>055398EC19C0D7AF00247FDD</key>
		<dict>
			<key>fileEncoding</key>
			<string>4</string>
			<key>isa</key>
			<string>PBXFileReference</string>
			<key>lastKnownFileType</key>
			<string>sourcecode.c.objc</string>
			<key>path</key>
			<string>LBPlaceRepository.m</string>
			<key>sourceTree</key>
			<string>&lt;group&gt;</string>
		</dict>
		<key>055398ED19C0D7AF00247FDD</key>
		<dict>
			<key>fileRef</key>
			<string>055398EC19C0D7AF00247FDD</string>
			<key>isa</key>
			<string>PBXBuildFile</string>
		</dict>
		<key>055398EE19C0D7AF00247FDD</key>
		<dict>
			<key>fileRef</key>
			<string>055398EC19C0D7AF00247FDD</string>
			<key>isa</key>
			<string>PBXBuildFile</string>
		</dict>
		<key>0585E63719CB5BCE00DDC2CD</key>
		<dict>
			<key>children</key>
			<array/>
			<key>isa</key>
			<string>PBXGroup</string>
			<key>path</key>
			<string>Resources</string>
			<key>sourceTree</key>
			<string>&lt;group&gt;</string>
		</dict>
		<key>0585E63E19CB68DA00DDC2CD</key>
		<dict>
			<key>fileEncoding</key>
			<string>4</string>
			<key>isa</key>
			<string>PBXFileReference</string>
			<key>lastKnownFileType</key>
			<string>sourcecode.c.h</string>
			<key>path</key>
			<string>SWPCategory.h</string>
			<key>sourceTree</key>
			<string>&lt;group&gt;</string>
		</dict>
		<key>0585E64219CB7A7900DDC2CD</key>
		<dict>
			<key>fileEncoding</key>
			<string>4</string>
			<key>isa</key>
			<string>PBXFileReference</string>
			<key>lastKnownFileType</key>
			<string>sourcecode.c.h</string>
			<key>path</key>
			<string>SWPCategoryTableViewCell.h</string>
			<key>sourceTree</key>
			<string>&lt;group&gt;</string>
		</dict>
		<key>0585E64319CB7A7900DDC2CD</key>
		<dict>
			<key>fileEncoding</key>
			<string>4</string>
			<key>isa</key>
			<string>PBXFileReference</string>
			<key>lastKnownFileType</key>
			<string>sourcecode.c.objc</string>
			<key>path</key>
			<string>SWPCategoryTableViewCell.m</string>
			<key>sourceTree</key>
			<string>&lt;group&gt;</string>
		</dict>
		<key>0585E64419CB7A7900DDC2CD</key>
		<dict>
			<key>fileRef</key>
			<string>0585E64319CB7A7900DDC2CD</string>
			<key>isa</key>
			<string>PBXBuildFile</string>
		</dict>
		<key>0585E64519CB7A7900DDC2CD</key>
		<dict>
			<key>fileRef</key>
			<string>0585E64319CB7A7900DDC2CD</string>
			<key>isa</key>
			<string>PBXBuildFile</string>
		</dict>
		<key>0585E64A19CC9E9F00DDC2CD</key>
		<dict>
			<key>fileEncoding</key>
			<string>4</string>
			<key>isa</key>
			<string>PBXFileReference</string>
			<key>lastKnownFileType</key>
			<string>sourcecode.c.h</string>
			<key>path</key>
			<string>SWPAllCategoriesTableViewCell.h</string>
			<key>sourceTree</key>
			<string>&lt;group&gt;</string>
		</dict>
		<key>0585E64B19CC9E9F00DDC2CD</key>
		<dict>
			<key>fileEncoding</key>
			<string>4</string>
			<key>isa</key>
			<string>PBXFileReference</string>
			<key>lastKnownFileType</key>
			<string>sourcecode.c.objc</string>
			<key>path</key>
			<string>SWPAllCategoriesTableViewCell.m</string>
			<key>sourceTree</key>
			<string>&lt;group&gt;</string>
		</dict>
		<key>0585E64C19CC9E9F00DDC2CD</key>
		<dict>
			<key>fileRef</key>
			<string>0585E64B19CC9E9F00DDC2CD</string>
			<key>isa</key>
			<string>PBXBuildFile</string>
		</dict>
		<key>0585E64D19CC9E9F00DDC2CD</key>
		<dict>
			<key>fileRef</key>
			<string>0585E64B19CC9E9F00DDC2CD</string>
			<key>isa</key>
			<string>PBXBuildFile</string>
		</dict>
		<key>0585E64E19CC9EB900DDC2CD</key>
		<dict>
			<key>fileEncoding</key>
			<string>4</string>
			<key>isa</key>
			<string>PBXFileReference</string>
			<key>lastKnownFileType</key>
			<string>sourcecode.c.h</string>
			<key>path</key>
			<string>SWPApplyTableViewCell.h</string>
			<key>sourceTree</key>
			<string>&lt;group&gt;</string>
		</dict>
		<key>0585E64F19CC9EB900DDC2CD</key>
		<dict>
			<key>fileEncoding</key>
			<string>4</string>
			<key>isa</key>
			<string>PBXFileReference</string>
			<key>lastKnownFileType</key>
			<string>sourcecode.c.objc</string>
			<key>path</key>
			<string>SWPApplyTableViewCell.m</string>
			<key>sourceTree</key>
			<string>&lt;group&gt;</string>
		</dict>
		<key>0585E65019CC9EB900DDC2CD</key>
		<dict>
			<key>fileRef</key>
			<string>0585E64F19CC9EB900DDC2CD</string>
			<key>isa</key>
			<string>PBXBuildFile</string>
		</dict>
		<key>0585E65119CC9EB900DDC2CD</key>
		<dict>
			<key>fileRef</key>
			<string>0585E64F19CC9EB900DDC2CD</string>
			<key>isa</key>
			<string>PBXBuildFile</string>
		</dict>
		<key>0585E65219CCD1C300DDC2CD</key>
		<dict>
			<key>fileEncoding</key>
			<string>4</string>
			<key>isa</key>
			<string>PBXFileReference</string>
			<key>lastKnownFileType</key>
			<string>sourcecode.c.h</string>
			<key>path</key>
			<string>SWPSplashViewController.h</string>
			<key>sourceTree</key>
			<string>&lt;group&gt;</string>
		</dict>
		<key>0585E65319CCD1C300DDC2CD</key>
		<dict>
			<key>fileEncoding</key>
			<string>4</string>
			<key>isa</key>
			<string>PBXFileReference</string>
			<key>lastKnownFileType</key>
			<string>sourcecode.c.objc</string>
			<key>path</key>
			<string>SWPSplashViewController.m</string>
			<key>sourceTree</key>
			<string>&lt;group&gt;</string>
		</dict>
		<key>0585E65419CCD1C300DDC2CD</key>
		<dict>
			<key>fileRef</key>
			<string>0585E65319CCD1C300DDC2CD</string>
			<key>isa</key>
			<string>PBXBuildFile</string>
		</dict>
		<key>0585E65519CCD1C300DDC2CD</key>
		<dict>
			<key>fileRef</key>
			<string>0585E65319CCD1C300DDC2CD</string>
			<key>isa</key>
			<string>PBXBuildFile</string>
		</dict>
		<key>0585E65919CCD7F700DDC2CD</key>
		<dict>
			<key>fileEncoding</key>
			<string>4</string>
			<key>isa</key>
			<string>PBXFileReference</string>
			<key>lastKnownFileType</key>
			<string>sourcecode.c.h</string>
			<key>path</key>
			<string>SWPCategoryStore.h</string>
			<key>sourceTree</key>
			<string>&lt;group&gt;</string>
		</dict>
		<key>0585E65A19CCD7F700DDC2CD</key>
		<dict>
			<key>fileEncoding</key>
			<string>4</string>
			<key>isa</key>
			<string>PBXFileReference</string>
			<key>lastKnownFileType</key>
			<string>sourcecode.c.objc</string>
			<key>path</key>
			<string>SWPCategoryStore.m</string>
			<key>sourceTree</key>
			<string>&lt;group&gt;</string>
		</dict>
		<key>0585E65B19CCD7F700DDC2CD</key>
		<dict>
			<key>fileRef</key>
			<string>0585E65A19CCD7F700DDC2CD</string>
			<key>isa</key>
			<string>PBXBuildFile</string>
		</dict>
		<key>0585E65C19CCD7F700DDC2CD</key>
		<dict>
			<key>fileRef</key>
			<string>0585E65A19CCD7F700DDC2CD</string>
			<key>isa</key>
			<string>PBXBuildFile</string>
		</dict>
		<key>058E1D3A19B4F633001CB42D</key>
		<dict>
			<key>isa</key>
			<string>PBXFileReference</string>
			<key>lastKnownFileType</key>
			<string>wrapper.framework</string>
			<key>path</key>
			<string>LoopBack.framework</string>
			<key>sourceTree</key>
			<string>&lt;group&gt;</string>
		</dict>
		<key>058E1D3B19B4F633001CB42D</key>
		<dict>
			<key>fileRef</key>
			<string>058E1D3A19B4F633001CB42D</string>
			<key>isa</key>
			<string>PBXBuildFile</string>
		</dict>
		<key>058E1D3C19B4FA56001CB42D</key>
		<dict>
			<key>fileEncoding</key>
			<string>4</string>
			<key>isa</key>
			<string>PBXFileReference</string>
			<key>lastKnownFileType</key>
			<string>sourcecode.c.h</string>
			<key>path</key>
			<string>SWPRestService.h</string>
			<key>sourceTree</key>
			<string>&lt;group&gt;</string>
		</dict>
		<key>058E1D3D19B4FA56001CB42D</key>
		<dict>
			<key>fileEncoding</key>
			<string>4</string>
			<key>isa</key>
			<string>PBXFileReference</string>
			<key>lastKnownFileType</key>
			<string>sourcecode.c.objc</string>
			<key>path</key>
			<string>SWPRestService.m</string>
			<key>sourceTree</key>
			<string>&lt;group&gt;</string>
		</dict>
		<key>058E1D3E19B4FA56001CB42D</key>
		<dict>
			<key>fileRef</key>
			<string>058E1D3D19B4FA56001CB42D</string>
			<key>isa</key>
			<string>PBXBuildFile</string>
		</dict>
		<key>058E1D3F19B4FA56001CB42D</key>
		<dict>
			<key>fileRef</key>
			<string>058E1D3D19B4FA56001CB42D</string>
			<key>isa</key>
			<string>PBXBuildFile</string>
		</dict>
		<key>058E1D4019B52334001CB42D</key>
		<dict>
			<key>fileEncoding</key>
			<string>4</string>
			<key>isa</key>
			<string>PBXFileReference</string>
			<key>lastKnownFileType</key>
			<string>sourcecode.c.objc</string>
			<key>path</key>
			<string>SWPLoopBackServiceTests.m</string>
			<key>sourceTree</key>
			<string>&lt;group&gt;</string>
		</dict>
		<key>058E1D4119B52334001CB42D</key>
		<dict>
			<key>fileRef</key>
			<string>058E1D4019B52334001CB42D</string>
			<key>isa</key>
			<string>PBXBuildFile</string>
		</dict>
		<key>058E1D4219B5241E001CB42D</key>
		<dict>
			<key>fileRef</key>
			<string>058E1D3A19B4F633001CB42D</string>
			<key>isa</key>
			<string>PBXBuildFile</string>
		</dict>
		<key>05AD1E8319C0A4E900D823DC</key>
		<dict>
			<key>fileEncoding</key>
			<string>4</string>
			<key>isa</key>
			<string>PBXFileReference</string>
			<key>lastKnownFileType</key>
			<string>sourcecode.c.h</string>
			<key>path</key>
			<string>SWPMenuViewController.h</string>
			<key>sourceTree</key>
			<string>&lt;group&gt;</string>
		</dict>
		<key>05AD1E8419C0A4E900D823DC</key>
		<dict>
			<key>fileEncoding</key>
			<string>4</string>
			<key>isa</key>
			<string>PBXFileReference</string>
			<key>lastKnownFileType</key>
			<string>sourcecode.c.objc</string>
			<key>path</key>
			<string>SWPMenuViewController.m</string>
			<key>sourceTree</key>
			<string>&lt;group&gt;</string>
		</dict>
		<key>05AD1E8519C0A4E900D823DC</key>
		<dict>
			<key>fileRef</key>
			<string>05AD1E8419C0A4E900D823DC</string>
			<key>isa</key>
			<string>PBXBuildFile</string>
		</dict>
		<key>05AD1E8619C0A4E900D823DC</key>
		<dict>
			<key>fileRef</key>
			<string>05AD1E8419C0A4E900D823DC</string>
			<key>isa</key>
			<string>PBXBuildFile</string>
		</dict>
		<key>05E86CA819C22C000075BCEA</key>
		<dict>
			<key>fileEncoding</key>
			<string>4</string>
			<key>isa</key>
			<string>PBXFileReference</string>
			<key>lastKnownFileType</key>
			<string>sourcecode.c.h</string>
			<key>path</key>
			<string>SWPPlace.h</string>
			<key>sourceTree</key>
			<string>&lt;group&gt;</string>
		</dict>
		<key>1FC2B6B2E5AC36FD861E0E56</key>
		<dict>
			<key>buildActionMask</key>
			<string>2147483647</string>
			<key>files</key>
			<array/>
			<key>inputPaths</key>
			<array/>
			<key>isa</key>
			<string>PBXShellScriptBuildPhase</string>
			<key>name</key>
			<string>Check Pods Manifest.lock</string>
			<key>outputPaths</key>
			<array/>
			<key>runOnlyForDeploymentPostprocessing</key>
			<string>0</string>
			<key>shellPath</key>
			<string>/bin/sh</string>
			<key>shellScript</key>
			<string>diff "${PODS_ROOT}/../Podfile.lock" "${PODS_ROOT}/Manifest.lock" &gt; /dev/null
if [[ $? != 0 ]] ; then
    cat &lt;&lt; EOM
error: The sandbox is not in sync with the Podfile.lock. Run 'pod install' or update your CocoaPods installation.
EOM
    exit 1
fi
</string>
			<key>showEnvVarsInLog</key>
			<string>0</string>
		</dict>
		<key>37B548F1F08C7D98937394BF</key>
		<dict>
			<key>includeInIndex</key>
			<string>1</string>
			<key>isa</key>
			<string>PBXFileReference</string>
			<key>lastKnownFileType</key>
			<string>text.xcconfig</string>
			<key>name</key>
			<string>Pods.release.xcconfig</string>
			<key>path</key>
			<string>Pods/Target Support Files/Pods/Pods.release.xcconfig</string>
			<key>sourceTree</key>
			<string>&lt;group&gt;</string>
		</dict>
		<key>749FDCC0E97B46EBFBDE28C7</key>
		<dict>
			<key>fileRef</key>
			<string>BE5D7DD96A591A5A0B895D56</string>
			<key>isa</key>
			<string>PBXBuildFile</string>
		</dict>
		<key>83C4621C390BA4744715A65D</key>
		<dict>
			<key>buildActionMask</key>
			<string>2147483647</string>
			<key>files</key>
			<array/>
			<key>inputPaths</key>
			<array/>
			<key>isa</key>
			<string>PBXShellScriptBuildPhase</string>
			<key>name</key>
			<string>Copy Pods Resources</string>
			<key>outputPaths</key>
			<array/>
			<key>runOnlyForDeploymentPostprocessing</key>
			<string>0</string>
			<key>shellPath</key>
			<string>/bin/sh</string>
			<key>shellScript</key>
			<string>"${SRCROOT}/Pods/Target Support Files/Pods/Pods-resources.sh"
</string>
			<key>showEnvVarsInLog</key>
			<string>0</string>
		</dict>
		<key>8C8A4C5D30B3A12A4FC8166D</key>
		<dict>
			<key>includeInIndex</key>
			<string>1</string>
			<key>isa</key>
			<string>PBXFileReference</string>
			<key>lastKnownFileType</key>
			<string>text.xcconfig</string>
			<key>name</key>
			<string>Pods.debug.xcconfig</string>
			<key>path</key>
			<string>Pods/Target Support Files/Pods/Pods.debug.xcconfig</string>
			<key>sourceTree</key>
			<string>&lt;group&gt;</string>
		</dict>
		<key>B50F7A6F1A01CAE800704E45</key>
		<dict>
			<key>fileEncoding</key>
			<string>4</string>
			<key>isa</key>
			<string>PBXFileReference</string>
			<key>lastKnownFileType</key>
			<string>sourcecode.c.h</string>
			<key>path</key>
			<string>SWPSlidingMenuViewController.h</string>
			<key>sourceTree</key>
			<string>&lt;group&gt;</string>
		</dict>
		<key>B50F7A701A01CAE800704E45</key>
		<dict>
			<key>fileEncoding</key>
			<string>4</string>
			<key>isa</key>
			<string>PBXFileReference</string>
			<key>lastKnownFileType</key>
			<string>sourcecode.c.objc</string>
			<key>path</key>
			<string>SWPSlidingMenuViewController.m</string>
			<key>sourceTree</key>
			<string>&lt;group&gt;</string>
		</dict>
		<key>B50F7A711A01CAE800704E45</key>
		<dict>
			<key>fileRef</key>
			<string>B50F7A701A01CAE800704E45</string>
			<key>isa</key>
			<string>PBXBuildFile</string>
		</dict>
		<key>B50F7A721A06CF4200704E45</key>
		<dict>
			<key>children</key>
			<array>
				<string>B50F7A731A06CF4200704E45</string>
				<string>B50F7A741A06CF4200704E45</string>
				<string>B5D936351A08864F00FF62F8</string>
				<string>B5D936361A08864F00FF62F8</string>
			</array>
			<key>isa</key>
			<string>PBXGroup</string>
			<key>path</key>
			<string>M13Checkbox</string>
			<key>sourceTree</key>
			<string>&lt;group&gt;</string>
		</dict>
		<key>B50F7A731A06CF4200704E45</key>
		<dict>
			<key>fileEncoding</key>
			<string>4</string>
			<key>isa</key>
			<string>PBXFileReference</string>
			<key>lastKnownFileType</key>
			<string>sourcecode.c.h</string>
			<key>path</key>
			<string>M13Checkbox.h</string>
			<key>sourceTree</key>
			<string>&lt;group&gt;</string>
		</dict>
		<key>B50F7A741A06CF4200704E45</key>
		<dict>
			<key>fileEncoding</key>
			<string>4</string>
			<key>isa</key>
			<string>PBXFileReference</string>
			<key>lastKnownFileType</key>
			<string>sourcecode.c.objc</string>
			<key>path</key>
			<string>M13Checkbox.m</string>
			<key>sourceTree</key>
			<string>&lt;group&gt;</string>
		</dict>
		<key>B50F7A751A06CF4200704E45</key>
		<dict>
			<key>fileRef</key>
			<string>B50F7A741A06CF4200704E45</string>
			<key>isa</key>
			<string>PBXBuildFile</string>
		</dict>
		<key>B52211D71A467E9000F04083</key>
		<dict>
			<key>fileEncoding</key>
			<string>4</string>
			<key>isa</key>
			<string>PBXFileReference</string>
			<key>lastKnownFileType</key>
			<string>sourcecode.c.h</string>
			<key>path</key>
			<string>SWPGalleryViewController.h</string>
			<key>sourceTree</key>
			<string>&lt;group&gt;</string>
		</dict>
		<key>B52211D81A467E9000F04083</key>
		<dict>
			<key>fileEncoding</key>
			<string>4</string>
			<key>isa</key>
			<string>PBXFileReference</string>
			<key>lastKnownFileType</key>
			<string>sourcecode.c.objc</string>
			<key>path</key>
			<string>SWPGalleryViewController.m</string>
			<key>sourceTree</key>
			<string>&lt;group&gt;</string>
		</dict>
		<key>B52211D91A467E9000F04083</key>
		<dict>
			<key>fileRef</key>
			<string>B52211D81A467E9000F04083</string>
			<key>isa</key>
			<string>PBXBuildFile</string>
		</dict>
		<key>B52211DA1A4694E200F04083</key>
		<dict>
			<key>fileEncoding</key>
			<string>4</string>
			<key>isa</key>
			<string>PBXFileReference</string>
			<key>lastKnownFileType</key>
			<string>sourcecode.c.h</string>
			<key>path</key>
			<string>SWPPhotoCollectionViewCell.h</string>
			<key>sourceTree</key>
			<string>&lt;group&gt;</string>
		</dict>
		<key>B52211DB1A4694E200F04083</key>
		<dict>
			<key>fileEncoding</key>
			<string>4</string>
			<key>isa</key>
			<string>PBXFileReference</string>
			<key>lastKnownFileType</key>
			<string>sourcecode.c.objc</string>
			<key>path</key>
			<string>SWPPhotoCollectionViewCell.m</string>
			<key>sourceTree</key>
			<string>&lt;group&gt;</string>
		</dict>
		<key>B52211DC1A4694E200F04083</key>
		<dict>
			<key>fileRef</key>
			<string>B52211DB1A4694E200F04083</string>
			<key>isa</key>
			<string>PBXBuildFile</string>
		</dict>
		<key>B53FF7961A508486001602F1</key>
		<dict>
			<key>isa</key>
			<string>PBXFileReference</string>
			<key>lastKnownFileType</key>
			<string>wrapper.framework</string>
			<key>name</key>
			<string>MessageUI.framework</string>
			<key>path</key>
			<string>System/Library/Frameworks/MessageUI.framework</string>
			<key>sourceTree</key>
			<string>SDKROOT</string>
		</dict>
		<key>B53FF7971A508486001602F1</key>
		<dict>
			<key>fileRef</key>
			<string>B53FF7961A508486001602F1</string>
			<key>isa</key>
			<string>PBXBuildFile</string>
		</dict>
		<key>B53FF7981A5186DA001602F1</key>
		<dict>
			<key>fileEncoding</key>
			<string>4</string>
			<key>isa</key>
			<string>PBXFileReference</string>
			<key>lastKnownFileType</key>
			<string>sourcecode.c.h</string>
			<key>path</key>
			<string>JSNetworkActivityIndicatorManager.h</string>
			<key>sourceTree</key>
			<string>&lt;group&gt;</string>
		</dict>
		<key>B53FF7991A5186DA001602F1</key>
		<dict>
			<key>fileEncoding</key>
			<string>4</string>
			<key>isa</key>
			<string>PBXFileReference</string>
			<key>lastKnownFileType</key>
			<string>sourcecode.c.objc</string>
			<key>path</key>
			<string>JSNetworkActivityIndicatorManager.m</string>
			<key>sourceTree</key>
			<string>&lt;group&gt;</string>
		</dict>
		<key>B53FF79A1A5186DA001602F1</key>
		<dict>
			<key>fileRef</key>
			<string>B53FF7991A5186DA001602F1</string>
			<key>isa</key>
			<string>PBXBuildFile</string>
		</dict>
		<key>B5580B531A47B7440071C39D</key>
		<dict>
			<key>fileEncoding</key>
			<string>4</string>
			<key>isa</key>
			<string>PBXFileReference</string>
			<key>lastKnownFileType</key>
			<string>sourcecode.c.h</string>
			<key>path</key>
			<string>SWPReviewsViewController.h</string>
			<key>sourceTree</key>
			<string>&lt;group&gt;</string>
		</dict>
		<key>B5580B541A47B7440071C39D</key>
		<dict>
			<key>fileEncoding</key>
			<string>4</string>
			<key>isa</key>
			<string>PBXFileReference</string>
			<key>lastKnownFileType</key>
			<string>sourcecode.c.objc</string>
			<key>path</key>
			<string>SWPReviewsViewController.m</string>
			<key>sourceTree</key>
			<string>&lt;group&gt;</string>
		</dict>
		<key>B5580B551A47B7440071C39D</key>
		<dict>
			<key>fileRef</key>
			<string>B5580B541A47B7440071C39D</string>
			<key>isa</key>
			<string>PBXBuildFile</string>
		</dict>
		<key>B5580B561A47BA800071C39D</key>
		<dict>
			<key>fileEncoding</key>
			<string>4</string>
			<key>isa</key>
			<string>PBXFileReference</string>
			<key>lastKnownFileType</key>
			<string>sourcecode.c.h</string>
			<key>path</key>
			<string>SWPReviewTableViewCell.h</string>
			<key>sourceTree</key>
			<string>&lt;group&gt;</string>
		</dict>
		<key>B5580B571A47BA800071C39D</key>
		<dict>
			<key>fileEncoding</key>
			<string>4</string>
			<key>isa</key>
			<string>PBXFileReference</string>
			<key>lastKnownFileType</key>
			<string>sourcecode.c.objc</string>
			<key>path</key>
			<string>SWPReviewTableViewCell.m</string>
			<key>sourceTree</key>
			<string>&lt;group&gt;</string>
		</dict>
		<key>B5580B581A47BA800071C39D</key>
		<dict>
			<key>fileRef</key>
			<string>B5580B571A47BA800071C39D</string>
			<key>isa</key>
			<string>PBXBuildFile</string>
		</dict>
		<key>B5580B5A1A47CDF40071C39D</key>
		<dict>
			<key>fileEncoding</key>
			<string>4</string>
			<key>isa</key>
			<string>PBXFileReference</string>
			<key>lastKnownFileType</key>
			<string>sourcecode.c.h</string>
			<key>path</key>
			<string>SWPReview.h</string>
			<key>sourceTree</key>
			<string>&lt;group&gt;</string>
		</dict>
		<key>B5580B5B1A47CDF40071C39D</key>
		<dict>
			<key>fileEncoding</key>
			<string>4</string>
			<key>isa</key>
			<string>PBXFileReference</string>
			<key>lastKnownFileType</key>
			<string>sourcecode.c.objc</string>
			<key>path</key>
			<string>SWPReview.m</string>
			<key>sourceTree</key>
			<string>&lt;group&gt;</string>
		</dict>
		<key>B5580B5C1A47CDF40071C39D</key>
		<dict>
			<key>fileRef</key>
			<string>B5580B5B1A47CDF40071C39D</string>
			<key>isa</key>
			<string>PBXBuildFile</string>
		</dict>
		<key>B5662EF719D8E9AC0003FB99</key>
		<dict>
			<key>fileEncoding</key>
			<string>4</string>
			<key>isa</key>
			<string>PBXFileReference</string>
			<key>lastKnownFileType</key>
			<string>sourcecode.c.h</string>
			<key>name</key>
			<string>SWPThemeHelper.h</string>
			<key>path</key>
			<string>../Models/SWPThemeHelper.h</string>
			<key>sourceTree</key>
			<string>&lt;group&gt;</string>
		</dict>
		<key>B5662EF819D8E9AC0003FB99</key>
		<dict>
			<key>fileEncoding</key>
			<string>4</string>
			<key>isa</key>
			<string>PBXFileReference</string>
			<key>lastKnownFileType</key>
			<string>sourcecode.c.objc</string>
			<key>name</key>
			<string>SWPThemeHelper.m</string>
			<key>path</key>
			<string>../Models/SWPThemeHelper.m</string>
			<key>sourceTree</key>
			<string>&lt;group&gt;</string>
		</dict>
		<key>B5662EF919D8E9AC0003FB99</key>
		<dict>
			<key>fileRef</key>
			<string>B5662EF819D8E9AC0003FB99</string>
			<key>isa</key>
			<string>PBXBuildFile</string>
		</dict>
		<key>B5801BAB1A30FBD000A6EEAF</key>
		<dict>
			<key>children</key>
			<array>
				<string>B5801BAC1A30FC4500A6EEAF</string>
				<string>B5801BAD1A30FC4500A6EEAF</string>
			</array>
			<key>isa</key>
			<string>PBXGroup</string>
			<key>name</key>
			<string>Categories</string>
			<key>sourceTree</key>
			<string>&lt;group&gt;</string>
		</dict>
		<key>B5801BAC1A30FC4500A6EEAF</key>
		<dict>
			<key>fileEncoding</key>
			<string>4</string>
			<key>isa</key>
			<string>PBXFileReference</string>
			<key>lastKnownFileType</key>
			<string>sourcecode.c.h</string>
			<key>name</key>
			<string>NSMutableArray+UniqueElements.h</string>
			<key>path</key>
			<string>Categories/NSMutableArray+UniqueElements.h</string>
			<key>sourceTree</key>
			<string>&lt;group&gt;</string>
		</dict>
		<key>B5801BAD1A30FC4500A6EEAF</key>
		<dict>
			<key>fileEncoding</key>
			<string>4</string>
			<key>isa</key>
			<string>PBXFileReference</string>
			<key>lastKnownFileType</key>
			<string>sourcecode.c.objc</string>
			<key>name</key>
			<string>NSMutableArray+UniqueElements.m</string>
			<key>path</key>
			<string>Categories/NSMutableArray+UniqueElements.m</string>
			<key>sourceTree</key>
			<string>&lt;group&gt;</string>
		</dict>
		<key>B5801BAE1A30FC4500A6EEAF</key>
		<dict>
			<key>fileRef</key>
			<string>B5801BAD1A30FC4500A6EEAF</string>
			<key>isa</key>
			<string>PBXBuildFile</string>
		</dict>
		<key>B597BD211A55123700C071A5</key>
		<dict>
			<key>fileEncoding</key>
			<string>4</string>
			<key>isa</key>
			<string>PBXFileReference</string>
			<key>lastKnownFileType</key>
			<string>sourcecode.c.h</string>
			<key>path</key>
			<string>SWPPlaceDetail.h</string>
			<key>sourceTree</key>
			<string>&lt;group&gt;</string>
		</dict>
		<key>B597BD221A55123700C071A5</key>
		<dict>
			<key>fileEncoding</key>
			<string>4</string>
			<key>isa</key>
			<string>PBXFileReference</string>
			<key>lastKnownFileType</key>
			<string>sourcecode.c.objc</string>
			<key>path</key>
			<string>SWPPlaceDetail.m</string>
			<key>sourceTree</key>
			<string>&lt;group&gt;</string>
		</dict>
		<key>B597BD231A55123700C071A5</key>
		<dict>
			<key>fileRef</key>
			<string>B597BD221A55123700C071A5</string>
			<key>isa</key>
			<string>PBXBuildFile</string>
		</dict>
		<key>B5AA37C319F4265100C33B5B</key>
		<dict>
			<key>fileEncoding</key>
			<string>4</string>
			<key>isa</key>
			<string>PBXFileReference</string>
			<key>lastKnownFileType</key>
			<string>sourcecode.c.h</string>
			<key>path</key>
			<string>SWPListViewController.h</string>
			<key>sourceTree</key>
			<string>&lt;group&gt;</string>
		</dict>
		<key>B5AA37C419F4265100C33B5B</key>
		<dict>
			<key>fileEncoding</key>
			<string>4</string>
			<key>isa</key>
			<string>PBXFileReference</string>
			<key>lastKnownFileType</key>
			<string>sourcecode.c.objc</string>
			<key>path</key>
			<string>SWPListViewController.m</string>
			<key>sourceTree</key>
			<string>&lt;group&gt;</string>
		</dict>
		<key>B5AA37C519F4265100C33B5B</key>
		<dict>
			<key>fileRef</key>
			<string>B5AA37C419F4265100C33B5B</string>
			<key>isa</key>
			<string>PBXBuildFile</string>
		</dict>
		<key>B5CCACB019F470CC00F93564</key>
		<dict>
			<key>fileEncoding</key>
			<string>4</string>
			<key>isa</key>
			<string>PBXFileReference</string>
			<key>lastKnownFileType</key>
			<string>sourcecode.c.h</string>
			<key>path</key>
			<string>SWPPlaceTableViewCell.h</string>
			<key>sourceTree</key>
			<string>&lt;group&gt;</string>
		</dict>
		<key>B5CCACB119F470CC00F93564</key>
		<dict>
			<key>fileEncoding</key>
			<string>4</string>
			<key>isa</key>
			<string>PBXFileReference</string>
			<key>lastKnownFileType</key>
			<string>sourcecode.c.objc</string>
			<key>path</key>
			<string>SWPPlaceTableViewCell.m</string>
			<key>sourceTree</key>
			<string>&lt;group&gt;</string>
		</dict>
		<key>B5CCACB219F470CC00F93564</key>
		<dict>
			<key>fileRef</key>
			<string>B5CCACB119F470CC00F93564</string>
			<key>isa</key>
			<string>PBXBuildFile</string>
		</dict>
		<key>B5D25C121A37DDEB00AD2257</key>
		<dict>
			<key>fileEncoding</key>
			<string>4</string>
			<key>isa</key>
			<string>PBXFileReference</string>
			<key>lastKnownFileType</key>
			<string>sourcecode.c.h</string>
			<key>path</key>
			<string>SWPMessageBarViewController.h</string>
			<key>sourceTree</key>
			<string>&lt;group&gt;</string>
		</dict>
		<key>B5D25C131A37DDEB00AD2257</key>
		<dict>
			<key>fileEncoding</key>
			<string>4</string>
			<key>isa</key>
			<string>PBXFileReference</string>
			<key>lastKnownFileType</key>
			<string>sourcecode.c.objc</string>
			<key>path</key>
			<string>SWPMessageBarViewController.m</string>
			<key>sourceTree</key>
			<string>&lt;group&gt;</string>
		</dict>
		<key>B5D25C141A37DDEB00AD2257</key>
		<dict>
			<key>fileRef</key>
			<string>B5D25C131A37DDEB00AD2257</string>
			<key>isa</key>
			<string>PBXBuildFile</string>
		</dict>
		<key>B5D6481C19E8CDE600018852</key>
		<dict>
			<key>fileEncoding</key>
			<string>4</string>
			<key>isa</key>
			<string>PBXFileReference</string>
			<key>lastKnownFileType</key>
			<string>sourcecode.c.h</string>
			<key>path</key>
			<string>SWPSimpleCategory.h</string>
			<key>sourceTree</key>
			<string>&lt;group&gt;</string>
		</dict>
		<key>B5D6481D19E8CDE600018852</key>
		<dict>
			<key>fileEncoding</key>
			<string>4</string>
			<key>isa</key>
			<string>PBXFileReference</string>
			<key>lastKnownFileType</key>
			<string>sourcecode.c.objc</string>
			<key>path</key>
			<string>SWPSimpleCategory.m</string>
			<key>sourceTree</key>
			<string>&lt;group&gt;</string>
		</dict>
		<key>B5D6481E19E8CDE600018852</key>
		<dict>
			<key>fileRef</key>
			<string>B5D6481D19E8CDE600018852</string>
			<key>isa</key>
			<string>PBXBuildFile</string>
		</dict>
		<key>B5D936351A08864F00FF62F8</key>
		<dict>
			<key>fileEncoding</key>
			<string>4</string>
			<key>isa</key>
			<string>PBXFileReference</string>
			<key>lastKnownFileType</key>
			<string>sourcecode.c.h</string>
			<key>path</key>
			<string>M13Checkbox+Menu.h</string>
			<key>sourceTree</key>
			<string>&lt;group&gt;</string>
		</dict>
		<key>B5D936361A08864F00FF62F8</key>
		<dict>
			<key>fileEncoding</key>
			<string>4</string>
			<key>isa</key>
			<string>PBXFileReference</string>
			<key>lastKnownFileType</key>
			<string>sourcecode.c.objc</string>
			<key>path</key>
			<string>M13Checkbox+Menu.m</string>
			<key>sourceTree</key>
			<string>&lt;group&gt;</string>
		</dict>
		<key>B5D936371A08864F00FF62F8</key>
		<dict>
			<key>fileRef</key>
			<string>B5D936361A08864F00FF62F8</string>
			<key>isa</key>
			<string>PBXBuildFile</string>
		</dict>
		<key>B5E5E3351A2A3D0500E10664</key>
		<dict>
			<key>fileEncoding</key>
			<string>4</string>
			<key>isa</key>
			<string>PBXFileReference</string>
			<key>lastKnownFileType</key>
			<string>sourcecode.c.h</string>
			<key>name</key>
			<string>SWPLoadingViewController.h</string>
			<key>path</key>
			<string>../Views/SWPLoadingViewController.h</string>
			<key>sourceTree</key>
			<string>&lt;group&gt;</string>
		</dict>
		<key>B5E5E3361A2A3D0500E10664</key>
		<dict>
			<key>fileEncoding</key>
			<string>4</string>
			<key>isa</key>
			<string>PBXFileReference</string>
			<key>lastKnownFileType</key>
			<string>sourcecode.c.objc</string>
			<key>name</key>
			<string>SWPLoadingViewController.m</string>
			<key>path</key>
			<string>../Views/SWPLoadingViewController.m</string>
			<key>sourceTree</key>
			<string>&lt;group&gt;</string>
		</dict>
		<key>B5E5E3381A2A3D0500E10664</key>
		<dict>
			<key>fileRef</key>
			<string>B5E5E3361A2A3D0500E10664</string>
			<key>isa</key>
			<string>PBXBuildFile</string>
		</dict>
		<key>BE5D7DD96A591A5A0B895D56</key>
		<dict>
			<key>explicitFileType</key>
			<string>archive.ar</string>
			<key>includeInIndex</key>
			<string>0</string>
			<key>isa</key>
			<string>PBXFileReference</string>
			<key>path</key>
			<string>libPods.a</string>
			<key>sourceTree</key>
			<string>BUILT_PRODUCTS_DIR</string>
		</dict>
		<key>E736D25E7FC828EADCEC1BD3</key>
		<dict>
			<key>children</key>
			<array>
				<string>8C8A4C5D30B3A12A4FC8166D</string>
				<string>37B548F1F08C7D98937394BF</string>
			</array>
			<key>isa</key>
			<string>PBXGroup</string>
			<key>name</key>
			<string>Pods</string>
			<key>sourceTree</key>
			<string>&lt;group&gt;</string>
		</dict>
		<key>EF3793591A38D4A400AA3A92</key>
		<dict>
			<key>fileEncoding</key>
			<string>4</string>
			<key>isa</key>
			<string>PBXFileReference</string>
			<key>lastKnownFileType</key>
			<string>file.xib</string>
			<key>path</key>
			<string>SWPMessageBarView.xib</string>
			<key>sourceTree</key>
			<string>&lt;group&gt;</string>
		</dict>
		<key>EF37935A1A38D4A400AA3A92</key>
		<dict>
			<key>fileRef</key>
			<string>EF3793591A38D4A400AA3A92</string>
			<key>isa</key>
			<string>PBXBuildFile</string>
		</dict>
		<key>EF60703B1A445ED400A02C0F</key>
		<dict>
			<key>fileEncoding</key>
			<string>4</string>
			<key>isa</key>
			<string>PBXFileReference</string>
			<key>lastKnownFileType</key>
			<string>sourcecode.c.h</string>
			<key>path</key>
			<string>SWPAnnotationView.h</string>
			<key>sourceTree</key>
			<string>&lt;group&gt;</string>
		</dict>
		<key>EF60703C1A445ED400A02C0F</key>
		<dict>
			<key>fileEncoding</key>
			<string>4</string>
			<key>isa</key>
			<string>PBXFileReference</string>
			<key>lastKnownFileType</key>
			<string>sourcecode.c.objc</string>
			<key>path</key>
			<string>SWPAnnotationView.m</string>
			<key>sourceTree</key>
			<string>&lt;group&gt;</string>
		</dict>
		<key>EF60703D1A445ED400A02C0F</key>
		<dict>
			<key>fileRef</key>
			<string>EF60703C1A445ED400A02C0F</string>
			<key>isa</key>
			<string>PBXBuildFile</string>
		</dict>
		<key>EFCD3DBC1A43612A00D8CB34</key>
		<dict>
			<key>fileEncoding</key>
			<string>4</string>
			<key>isa</key>
			<string>PBXFileReference</string>
			<key>lastKnownFileType</key>
			<string>file.xib</string>
			<key>path</key>
			<string>SWPPlaceAnnotationCalloutView.xib</string>
			<key>sourceTree</key>
			<string>&lt;group&gt;</string>
		</dict>
		<key>EFCD3DBD1A43612A00D8CB34</key>
		<dict>
			<key>fileRef</key>
			<string>EFCD3DBC1A43612A00D8CB34</string>
			<key>isa</key>
			<string>PBXBuildFile</string>
		</dict>
		<key>EFCD3DBE1A43615A00D8CB34</key>
		<dict>
			<key>fileEncoding</key>
			<string>4</string>
			<key>isa</key>
			<string>PBXFileReference</string>
			<key>lastKnownFileType</key>
			<string>sourcecode.c.h</string>
			<key>path</key>
			<string>SWPPlaceAnnotationCalloutView.h</string>
			<key>sourceTree</key>
			<string>&lt;group&gt;</string>
		</dict>
		<key>EFCD3DBF1A43615A00D8CB34</key>
		<dict>
			<key>fileEncoding</key>
			<string>4</string>
			<key>isa</key>
			<string>PBXFileReference</string>
			<key>lastKnownFileType</key>
			<string>sourcecode.c.objc</string>
			<key>path</key>
			<string>SWPPlaceAnnotationCalloutView.m</string>
			<key>sourceTree</key>
			<string>&lt;group&gt;</string>
		</dict>
		<key>EFCD3DC01A43615A00D8CB34</key>
		<dict>
			<key>fileRef</key>
			<string>EFCD3DBF1A43615A00D8CB34</string>
			<key>isa</key>
			<string>PBXBuildFile</string>
		</dict>
		<key>EFD1759B1A44B93400077ED8</key>
		<dict>
			<key>fileEncoding</key>
			<string>4</string>
			<key>isa</key>
			<string>PBXFileReference</string>
			<key>lastKnownFileType</key>
			<string>sourcecode.c.h</string>
			<key>path</key>
			<string>SWPDetailsViewController.h</string>
			<key>sourceTree</key>
			<string>&lt;group&gt;</string>
		</dict>
		<key>EFD1759C1A44B93400077ED8</key>
		<dict>
			<key>fileEncoding</key>
			<string>4</string>
			<key>isa</key>
			<string>PBXFileReference</string>
			<key>lastKnownFileType</key>
			<string>sourcecode.c.objc</string>
			<key>path</key>
			<string>SWPDetailsViewController.m</string>
			<key>sourceTree</key>
			<string>&lt;group&gt;</string>
		</dict>
		<key>EFD1759D1A44B93400077ED8</key>
		<dict>
			<key>fileRef</key>
			<string>EFD1759C1A44B93400077ED8</string>
			<key>isa</key>
			<string>PBXBuildFile</string>
		</dict>
		<key>EFD2B3641A42169000F5E6B2</key>
		<dict>
			<key>children</key>
			<array>
				<string>EFD2B3651A42169000F5E6B2</string>
				<string>EFD2B3661A42169000F5E6B2</string>
			</array>
			<key>isa</key>
			<string>PBXGroup</string>
			<key>path</key>
			<string>Reachability</string>
			<key>sourceTree</key>
			<string>&lt;group&gt;</string>
		</dict>
		<key>EFD2B3651A42169000F5E6B2</key>
		<dict>
			<key>fileEncoding</key>
			<string>4</string>
			<key>isa</key>
			<string>PBXFileReference</string>
			<key>lastKnownFileType</key>
			<string>sourcecode.c.h</string>
			<key>path</key>
			<string>Reachability.h</string>
			<key>sourceTree</key>
			<string>&lt;group&gt;</string>
		</dict>
		<key>EFD2B3661A42169000F5E6B2</key>
		<dict>
			<key>fileEncoding</key>
			<string>4</string>
			<key>isa</key>
			<string>PBXFileReference</string>
			<key>lastKnownFileType</key>
			<string>sourcecode.c.objc</string>
			<key>path</key>
			<string>Reachability.m</string>
			<key>sourceTree</key>
			<string>&lt;group&gt;</string>
		</dict>
		<key>EFD2B3671A42169000F5E6B2</key>
		<dict>
			<key>fileRef</key>
			<string>EFD2B3661A42169000F5E6B2</string>
			<key>isa</key>
			<string>PBXBuildFile</string>
		</dict>
		<key>EFE56FCE1A40AC99002224D5</key>
		<dict>
			<key>fileEncoding</key>
			<string>4</string>
			<key>isa</key>
			<string>PBXFileReference</string>
			<key>lastKnownFileType</key>
			<string>sourcecode.c.h</string>
			<key>path</key>
			<string>SWPMessageBarView.h</string>
			<key>sourceTree</key>
			<string>&lt;group&gt;</string>
		</dict>
		<key>EFE56FCF1A40AC99002224D5</key>
		<dict>
			<key>fileEncoding</key>
			<string>4</string>
			<key>isa</key>
			<string>PBXFileReference</string>
			<key>lastKnownFileType</key>
			<string>sourcecode.c.objc</string>
			<key>path</key>
			<string>SWPMessageBarView.m</string>
			<key>sourceTree</key>
			<string>&lt;group&gt;</string>
		</dict>
		<key>EFE56FD01A40AC99002224D5</key>
		<dict>
			<key>fileRef</key>
			<string>EFE56FCF1A40AC99002224D5</string>
			<key>isa</key>
			<string>PBXBuildFile</string>
		</dict>
	</dict>
	<key>rootObject</key>
	<string>050F46A619B0F4CA00E715A1</string>
</dict>
</plist>
